// !$*UTF8*$!
{
	archiveVersion = 1;
	classes = {
	};
	objectVersion = 52;
	objects = {

/* Begin PBXBuildFile section */
		1B1BEFF426BAED7C00C4666B /* DragSceneHost.swift in Sources */ = {isa = PBXBuildFile; fileRef = 1B1BEFF326BAED7C00C4666B /* DragSceneHost.swift */; };
		1B1BEFF526BAED7C00C4666B /* DragSceneHost.swift in Sources */ = {isa = PBXBuildFile; fileRef = 1B1BEFF326BAED7C00C4666B /* DragSceneHost.swift */; };
		1B2CB59426B5B8A800CDF222 /* AppDelegate.swift in Sources */ = {isa = PBXBuildFile; fileRef = 1B2CB59326B5B8A800CDF222 /* AppDelegate.swift */; };
		1B2CB59A26B5B8A800CDF222 /* MainMenu.swift in Sources */ = {isa = PBXBuildFile; fileRef = 1B2CB59926B5B8A800CDF222 /* MainMenu.swift */; };
		1B2CB59C26B5B8A800CDF222 /* ViewController.swift in Sources */ = {isa = PBXBuildFile; fileRef = 1B2CB59B26B5B8A800CDF222 /* ViewController.swift */; };
		1B2CB59E26B5B8A900CDF222 /* Assets.xcassets in Resources */ = {isa = PBXBuildFile; fileRef = 1B2CB59D26B5B8A900CDF222 /* Assets.xcassets */; };
		1B2CB5A126B5B8A900CDF222 /* Main.storyboard in Resources */ = {isa = PBXBuildFile; fileRef = 1B2CB59F26B5B8A900CDF222 /* Main.storyboard */; };
		1B31FB8026B5C47B0071BB72 /* Magic in Frameworks */ = {isa = PBXBuildFile; productRef = 1B31FB7F26B5C47B0071BB72 /* Magic */; };
		1B3FC62126BF445F0025B62F /* Hand.ttf in Resources */ = {isa = PBXBuildFile; fileRef = 1B3FC62026BF445F0025B62F /* Hand.ttf */; };
		1B3FC62226BF445F0025B62F /* Hand.ttf in Resources */ = {isa = PBXBuildFile; fileRef = 1B3FC62026BF445F0025B62F /* Hand.ttf */; };
		1B7446C226B88BC10094707E /* EverMazeKit in Frameworks */ = {isa = PBXBuildFile; productRef = 1B7446C126B88BC10094707E /* EverMazeKit */; };
		1B7446C426B88BF90094707E /* EversMazeScene.swift in Sources */ = {isa = PBXBuildFile; fileRef = 1B7446C326B88BF90094707E /* EversMazeScene.swift */; };
		1B7446C626B88EC50094707E /* EverMazeSceneHost.swift in Sources */ = {isa = PBXBuildFile; fileRef = 1B7446C526B88EC50094707E /* EverMazeSceneHost.swift */; };
		1B7446C826B88ED60094707E /* CachedLevels.swift in Sources */ = {isa = PBXBuildFile; fileRef = 1B7446C726B88ED60094707E /* CachedLevels.swift */; };
		1B7446D026B9F33D0094707E /* AppDelegate.swift in Sources */ = {isa = PBXBuildFile; fileRef = 1B7446CF26B9F33D0094707E /* AppDelegate.swift */; };
		1B7446D826B9F33D0094707E /* GameViewController.swift in Sources */ = {isa = PBXBuildFile; fileRef = 1B7446D726B9F33D0094707E /* GameViewController.swift */; };
		1B7446DB26B9F33D0094707E /* Main.storyboard in Resources */ = {isa = PBXBuildFile; fileRef = 1B7446D926B9F33D0094707E /* Main.storyboard */; };
		1B7446DD26B9F33E0094707E /* Assets.xcassets in Resources */ = {isa = PBXBuildFile; fileRef = 1B7446DC26B9F33E0094707E /* Assets.xcassets */; };
		1B7446E226B9F36A0094707E /* EversMazeScene.swift in Sources */ = {isa = PBXBuildFile; fileRef = 1B7446C326B88BF90094707E /* EversMazeScene.swift */; };
		1B7446E326B9F36A0094707E /* MainMenu.swift in Sources */ = {isa = PBXBuildFile; fileRef = 1B2CB59926B5B8A800CDF222 /* MainMenu.swift */; };
		1B7446E426B9F36A0094707E /* EverMazeSceneHost.swift in Sources */ = {isa = PBXBuildFile; fileRef = 1B7446C526B88EC50094707E /* EverMazeSceneHost.swift */; };
		1B7446E526B9F36A0094707E /* CachedLevels.swift in Sources */ = {isa = PBXBuildFile; fileRef = 1B7446C726B88ED60094707E /* CachedLevels.swift */; };
		1B7446E826B9F3940094707E /* Magic in Frameworks */ = {isa = PBXBuildFile; productRef = 1B7446E726B9F3940094707E /* Magic */; };
		1B7446EA26B9F3980094707E /* EverMazeKit in Frameworks */ = {isa = PBXBuildFile; productRef = 1B7446E926B9F3980094707E /* EverMazeKit */; };
		1B7446EC26BA02410094707E /* Recurse.swift in Sources */ = {isa = PBXBuildFile; fileRef = 1B7446EB26BA02410094707E /* Recurse.swift */; };
		1B7446ED26BA02440094707E /* Recurse.swift in Sources */ = {isa = PBXBuildFile; fileRef = 1B7446EB26BA02410094707E /* Recurse.swift */; };
		1BD644F126BF01ED005BE7E9 /* Then.swift in Sources */ = {isa = PBXBuildFile; fileRef = 1BD644F026BF01ED005BE7E9 /* Then.swift */; };
		1BD644F226BF01ED005BE7E9 /* Then.swift in Sources */ = {isa = PBXBuildFile; fileRef = 1BD644F026BF01ED005BE7E9 /* Then.swift */; };
		1BD644F426BF06EF005BE7E9 /* Extansions.swift in Sources */ = {isa = PBXBuildFile; fileRef = 1BD644F326BF06EF005BE7E9 /* Extansions.swift */; };
		1BD644F526BF06EF005BE7E9 /* Extansions.swift in Sources */ = {isa = PBXBuildFile; fileRef = 1BD644F326BF06EF005BE7E9 /* Extansions.swift */; };
		1BD644F826BF133F005BE7E9 /* SuperTouchable.swift in Sources */ = {isa = PBXBuildFile; fileRef = 1BD644F726BF133F005BE7E9 /* SuperTouchable.swift */; };
		1BD644F926BF133F005BE7E9 /* SuperTouchable.swift in Sources */ = {isa = PBXBuildFile; fileRef = 1BD644F726BF133F005BE7E9 /* SuperTouchable.swift */; };
		1BD644FB26BF1350005BE7E9 /* ButtonClass.swift in Sources */ = {isa = PBXBuildFile; fileRef = 1BD644FA26BF1350005BE7E9 /* ButtonClass.swift */; };
		1BD644FC26BF1350005BE7E9 /* ButtonClass.swift in Sources */ = {isa = PBXBuildFile; fileRef = 1BD644FA26BF1350005BE7E9 /* ButtonClass.swift */; };
		1BD644FE26BF1361005BE7E9 /* CrazyTrailAtGuy.swift in Sources */ = {isa = PBXBuildFile; fileRef = 1BD644FD26BF1361005BE7E9 /* CrazyTrailAtGuy.swift */; };
		1BD644FF26BF1361005BE7E9 /* CrazyTrailAtGuy.swift in Sources */ = {isa = PBXBuildFile; fileRef = 1BD644FD26BF1361005BE7E9 /* CrazyTrailAtGuy.swift */; };
/* End PBXBuildFile section */

/* Begin PBXFileReference section */
		1B1BEFF326BAED7C00C4666B /* DragSceneHost.swift */ = {isa = PBXFileReference; lastKnownFileType = sourcecode.swift; path = DragSceneHost.swift; sourceTree = "<group>"; };
		1B2CB59026B5B8A800CDF222 /* PhysicsTesting.app */ = {isa = PBXFileReference; explicitFileType = wrapper.application; includeInIndex = 0; path = PhysicsTesting.app; sourceTree = BUILT_PRODUCTS_DIR; };
		1B2CB59326B5B8A800CDF222 /* AppDelegate.swift */ = {isa = PBXFileReference; lastKnownFileType = sourcecode.swift; path = AppDelegate.swift; sourceTree = "<group>"; };
		1B2CB59926B5B8A800CDF222 /* MainMenu.swift */ = {isa = PBXFileReference; lastKnownFileType = sourcecode.swift; path = MainMenu.swift; sourceTree = "<group>"; };
		1B2CB59B26B5B8A800CDF222 /* ViewController.swift */ = {isa = PBXFileReference; lastKnownFileType = sourcecode.swift; path = ViewController.swift; sourceTree = "<group>"; };
		1B2CB59D26B5B8A900CDF222 /* Assets.xcassets */ = {isa = PBXFileReference; lastKnownFileType = folder.assetcatalog; path = Assets.xcassets; sourceTree = "<group>"; };
		1B2CB5A026B5B8A900CDF222 /* Base */ = {isa = PBXFileReference; lastKnownFileType = file.storyboard; name = Base; path = Base.lproj/Main.storyboard; sourceTree = "<group>"; };
		1B2CB5A226B5B8A900CDF222 /* Info.plist */ = {isa = PBXFileReference; lastKnownFileType = text.plist.xml; path = Info.plist; sourceTree = "<group>"; };
		1B2CB5A326B5B8A900CDF222 /* PhysicsTesting.entitlements */ = {isa = PBXFileReference; lastKnownFileType = text.plist.entitlements; path = PhysicsTesting.entitlements; sourceTree = "<group>"; };
		1B3FC62026BF445F0025B62F /* Hand.ttf */ = {isa = PBXFileReference; lastKnownFileType = file; path = Hand.ttf; sourceTree = "<group>"; };
		1B7446C326B88BF90094707E /* EversMazeScene.swift */ = {isa = PBXFileReference; lastKnownFileType = sourcecode.swift; path = EversMazeScene.swift; sourceTree = "<group>"; };
		1B7446C526B88EC50094707E /* EverMazeSceneHost.swift */ = {isa = PBXFileReference; lastKnownFileType = sourcecode.swift; path = EverMazeSceneHost.swift; sourceTree = "<group>"; };
		1B7446C726B88ED60094707E /* CachedLevels.swift */ = {isa = PBXFileReference; lastKnownFileType = sourcecode.swift; path = CachedLevels.swift; sourceTree = "<group>"; };
		1B7446CD26B9F33D0094707E /* PhysicsTestingIOS.app */ = {isa = PBXFileReference; explicitFileType = wrapper.application; includeInIndex = 0; path = PhysicsTestingIOS.app; sourceTree = BUILT_PRODUCTS_DIR; };
		1B7446CF26B9F33D0094707E /* AppDelegate.swift */ = {isa = PBXFileReference; lastKnownFileType = sourcecode.swift; path = AppDelegate.swift; sourceTree = "<group>"; };
		1B7446D726B9F33D0094707E /* GameViewController.swift */ = {isa = PBXFileReference; lastKnownFileType = sourcecode.swift; path = GameViewController.swift; sourceTree = "<group>"; };
		1B7446DA26B9F33D0094707E /* Base */ = {isa = PBXFileReference; lastKnownFileType = file.storyboard; name = Base; path = Base.lproj/Main.storyboard; sourceTree = "<group>"; };
		1B7446DC26B9F33E0094707E /* Assets.xcassets */ = {isa = PBXFileReference; lastKnownFileType = folder.assetcatalog; path = Assets.xcassets; sourceTree = "<group>"; };
		1B7446DE26B9F33E0094707E /* Info.plist */ = {isa = PBXFileReference; lastKnownFileType = text.plist.xml; path = Info.plist; sourceTree = "<group>"; };
		1B7446EB26BA02410094707E /* Recurse.swift */ = {isa = PBXFileReference; lastKnownFileType = sourcecode.swift; path = Recurse.swift; sourceTree = "<group>"; };
		1BD644F026BF01ED005BE7E9 /* Then.swift */ = {isa = PBXFileReference; lastKnownFileType = sourcecode.swift; path = Then.swift; sourceTree = "<group>"; };
		1BD644F326BF06EF005BE7E9 /* Extansions.swift */ = {isa = PBXFileReference; lastKnownFileType = sourcecode.swift; path = Extansions.swift; sourceTree = "<group>"; };
		1BD644F726BF133F005BE7E9 /* SuperTouchable.swift */ = {isa = PBXFileReference; lastKnownFileType = sourcecode.swift; path = SuperTouchable.swift; sourceTree = "<group>"; };
		1BD644FA26BF1350005BE7E9 /* ButtonClass.swift */ = {isa = PBXFileReference; lastKnownFileType = sourcecode.swift; path = ButtonClass.swift; sourceTree = "<group>"; };
		1BD644FD26BF1361005BE7E9 /* CrazyTrailAtGuy.swift */ = {isa = PBXFileReference; lastKnownFileType = sourcecode.swift; path = CrazyTrailAtGuy.swift; sourceTree = "<group>"; };
/* End PBXFileReference section */

/* Begin PBXFrameworksBuildPhase section */
		1B2CB58D26B5B8A800CDF222 /* Frameworks */ = {
			isa = PBXFrameworksBuildPhase;
			buildActionMask = 2147483647;
			files = (
				1B7446C226B88BC10094707E /* EverMazeKit in Frameworks */,
				1B31FB8026B5C47B0071BB72 /* Magic in Frameworks */,
			);
			runOnlyForDeploymentPostprocessing = 0;
		};
		1B7446CA26B9F33D0094707E /* Frameworks */ = {
			isa = PBXFrameworksBuildPhase;
			buildActionMask = 2147483647;
			files = (
				1B7446EA26B9F3980094707E /* EverMazeKit in Frameworks */,
				1B7446E826B9F3940094707E /* Magic in Frameworks */,
			);
			runOnlyForDeploymentPostprocessing = 0;
		};
/* End PBXFrameworksBuildPhase section */

/* Begin PBXGroup section */
		1B2CB58726B5B8A800CDF222 = {
			isa = PBXGroup;
			children = (
				1B2CB59926B5B8A800CDF222 /* MainMenu.swift */,
				1B7446C526B88EC50094707E /* EverMazeSceneHost.swift */,
				1B7446C326B88BF90094707E /* EversMazeScene.swift */,
				1B7446EB26BA02410094707E /* Recurse.swift */,
				1B1BEFF326BAED7C00C4666B /* DragSceneHost.swift */,
				1B7446C726B88ED60094707E /* CachedLevels.swift */,
				1BD644F626BF132F005BE7E9 /* Extensions */,
				1B2CB59226B5B8A800CDF222 /* PhysicsTesting */,
				1B7446CE26B9F33D0094707E /* PhysicsTestingIOS */,
				1B2CB59126B5B8A800CDF222 /* Products */,
				1B7446E626B9F3940094707E /* Frameworks */,
			);
			sourceTree = "<group>";
		};
		1B2CB59126B5B8A800CDF222 /* Products */ = {
			isa = PBXGroup;
			children = (
				1B2CB59026B5B8A800CDF222 /* PhysicsTesting.app */,
				1B7446CD26B9F33D0094707E /* PhysicsTestingIOS.app */,
			);
			name = Products;
			sourceTree = "<group>";
		};
		1B2CB59226B5B8A800CDF222 /* PhysicsTesting */ = {
			isa = PBXGroup;
			children = (
				1B2CB59326B5B8A800CDF222 /* AppDelegate.swift */,
				1B2CB59B26B5B8A800CDF222 /* ViewController.swift */,
				1B2CB59D26B5B8A900CDF222 /* Assets.xcassets */,
				1B2CB59F26B5B8A900CDF222 /* Main.storyboard */,
				1B2CB5A226B5B8A900CDF222 /* Info.plist */,
				1B2CB5A326B5B8A900CDF222 /* PhysicsTesting.entitlements */,
			);
			path = PhysicsTesting;
			sourceTree = "<group>";
		};
		1B7446CE26B9F33D0094707E /* PhysicsTestingIOS */ = {
			isa = PBXGroup;
			children = (
				1B7446CF26B9F33D0094707E /* AppDelegate.swift */,
				1B7446D726B9F33D0094707E /* GameViewController.swift */,
				1B7446D926B9F33D0094707E /* Main.storyboard */,
				1B7446DC26B9F33E0094707E /* Assets.xcassets */,
				1B7446DE26B9F33E0094707E /* Info.plist */,
			);
			path = PhysicsTestingIOS;
			sourceTree = "<group>";
		};
		1B7446E626B9F3940094707E /* Frameworks */ = {
			isa = PBXGroup;
			children = (
			);
			name = Frameworks;
			sourceTree = "<group>";
		};
		1BD644F626BF132F005BE7E9 /* Extensions */ = {
			isa = PBXGroup;
			children = (
				1BD644F026BF01ED005BE7E9 /* Then.swift */,
				1BD644F326BF06EF005BE7E9 /* Extansions.swift */,
				1BD644F726BF133F005BE7E9 /* SuperTouchable.swift */,
				1BD644FA26BF1350005BE7E9 /* ButtonClass.swift */,
				1BD644FD26BF1361005BE7E9 /* CrazyTrailAtGuy.swift */,
				1B3FC62026BF445F0025B62F /* Hand.ttf */,
			);
			path = Extensions;
			sourceTree = "<group>";
		};
/* End PBXGroup section */

/* Begin PBXNativeTarget section */
		1B2CB58F26B5B8A800CDF222 /* PhysicsTesting */ = {
			isa = PBXNativeTarget;
			buildConfigurationList = 1B2CB5A626B5B8A900CDF222 /* Build configuration list for PBXNativeTarget "PhysicsTesting" */;
			buildPhases = (
				1B2CB58C26B5B8A800CDF222 /* Sources */,
				1B2CB58D26B5B8A800CDF222 /* Frameworks */,
				1B2CB58E26B5B8A800CDF222 /* Resources */,
			);
			buildRules = (
			);
			dependencies = (
			);
			name = PhysicsTesting;
			packageProductDependencies = (
				1B31FB7F26B5C47B0071BB72 /* Magic */,
				1B7446C126B88BC10094707E /* EverMazeKit */,
			);
			productName = PhysicsTesting;
			productReference = 1B2CB59026B5B8A800CDF222 /* PhysicsTesting.app */;
			productType = "com.apple.product-type.application";
		};
		1B7446CC26B9F33D0094707E /* PhysicsTestingIOS */ = {
			isa = PBXNativeTarget;
			buildConfigurationList = 1B7446DF26B9F33E0094707E /* Build configuration list for PBXNativeTarget "PhysicsTestingIOS" */;
			buildPhases = (
				1B7446C926B9F33D0094707E /* Sources */,
				1B7446CA26B9F33D0094707E /* Frameworks */,
				1B7446CB26B9F33D0094707E /* Resources */,
			);
			buildRules = (
			);
			dependencies = (
			);
			name = PhysicsTestingIOS;
			packageProductDependencies = (
				1B7446E726B9F3940094707E /* Magic */,
				1B7446E926B9F3980094707E /* EverMazeKit */,
			);
			productName = PhysicsTestingIOS;
			productReference = 1B7446CD26B9F33D0094707E /* PhysicsTestingIOS.app */;
			productType = "com.apple.product-type.application";
		};
/* End PBXNativeTarget section */

/* Begin PBXProject section */
		1B2CB58826B5B8A800CDF222 /* Project object */ = {
			isa = PBXProject;
			attributes = {
				LastSwiftUpdateCheck = 1250;
				LastUpgradeCheck = 1250;
				TargetAttributes = {
					1B2CB58F26B5B8A800CDF222 = {
						CreatedOnToolsVersion = 12.5;
					};
					1B7446CC26B9F33D0094707E = {
						CreatedOnToolsVersion = 12.5;
					};
				};
			};
			buildConfigurationList = 1B2CB58B26B5B8A800CDF222 /* Build configuration list for PBXProject "PhysicsTesting" */;
			compatibilityVersion = "Xcode 9.3";
			developmentRegion = en;
			hasScannedForEncodings = 0;
			knownRegions = (
				en,
				Base,
			);
			mainGroup = 1B2CB58726B5B8A800CDF222;
			packageReferences = (
				1B31FB7E26B5C47B0071BB72 /* XCRemoteSwiftPackageReference "Magic" */,
				1B7446C026B88BC10094707E /* XCRemoteSwiftPackageReference "EverMaze" */,
			);
			productRefGroup = 1B2CB59126B5B8A800CDF222 /* Products */;
			projectDirPath = "";
			projectRoot = "";
			targets = (
				1B2CB58F26B5B8A800CDF222 /* PhysicsTesting */,
				1B7446CC26B9F33D0094707E /* PhysicsTestingIOS */,
			);
		};
/* End PBXProject section */

/* Begin PBXResourcesBuildPhase section */
		1B2CB58E26B5B8A800CDF222 /* Resources */ = {
			isa = PBXResourcesBuildPhase;
			buildActionMask = 2147483647;
			files = (
				1B3FC62126BF445F0025B62F /* Hand.ttf in Resources */,
				1B2CB59E26B5B8A900CDF222 /* Assets.xcassets in Resources */,
				1B2CB5A126B5B8A900CDF222 /* Main.storyboard in Resources */,
			);
			runOnlyForDeploymentPostprocessing = 0;
		};
		1B7446CB26B9F33D0094707E /* Resources */ = {
			isa = PBXResourcesBuildPhase;
			buildActionMask = 2147483647;
			files = (
				1B3FC62226BF445F0025B62F /* Hand.ttf in Resources */,
				1B7446DB26B9F33D0094707E /* Main.storyboard in Resources */,
				1B7446DD26B9F33E0094707E /* Assets.xcassets in Resources */,
			);
			runOnlyForDeploymentPostprocessing = 0;
		};
/* End PBXResourcesBuildPhase section */

/* Begin PBXSourcesBuildPhase section */
		1B2CB58C26B5B8A800CDF222 /* Sources */ = {
			isa = PBXSourcesBuildPhase;
			buildActionMask = 2147483647;
			files = (
				1BD644F826BF133F005BE7E9 /* SuperTouchable.swift in Sources */,
				1B1BEFF426BAED7C00C4666B /* DragSceneHost.swift in Sources */,
				1BD644FB26BF1350005BE7E9 /* ButtonClass.swift in Sources */,
				1BD644FE26BF1361005BE7E9 /* CrazyTrailAtGuy.swift in Sources */,
				1BD644F126BF01ED005BE7E9 /* Then.swift in Sources */,
				1B2CB59C26B5B8A800CDF222 /* ViewController.swift in Sources */,
				1B7446C426B88BF90094707E /* EversMazeScene.swift in Sources */,
				1B7446C826B88ED60094707E /* CachedLevels.swift in Sources */,
				1B7446EC26BA02410094707E /* Recurse.swift in Sources */,
				1B2CB59A26B5B8A800CDF222 /* MainMenu.swift in Sources */,
				1B7446C626B88EC50094707E /* EverMazeSceneHost.swift in Sources */,
				1B2CB59426B5B8A800CDF222 /* AppDelegate.swift in Sources */,
				1BD644F426BF06EF005BE7E9 /* Extansions.swift in Sources */,
			);
			runOnlyForDeploymentPostprocessing = 0;
		};
		1B7446C926B9F33D0094707E /* Sources */ = {
			isa = PBXSourcesBuildPhase;
			buildActionMask = 2147483647;
			files = (
				1BD644F926BF133F005BE7E9 /* SuperTouchable.swift in Sources */,
				1B1BEFF526BAED7C00C4666B /* DragSceneHost.swift in Sources */,
				1BD644FC26BF1350005BE7E9 /* ButtonClass.swift in Sources */,
				1BD644FF26BF1361005BE7E9 /* CrazyTrailAtGuy.swift in Sources */,
				1BD644F226BF01ED005BE7E9 /* Then.swift in Sources */,
				1B7446D826B9F33D0094707E /* GameViewController.swift in Sources */,
				1B7446E426B9F36A0094707E /* EverMazeSceneHost.swift in Sources */,
				1B7446E526B9F36A0094707E /* CachedLevels.swift in Sources */,
				1B7446ED26BA02440094707E /* Recurse.swift in Sources */,
				1B7446D026B9F33D0094707E /* AppDelegate.swift in Sources */,
				1B7446E226B9F36A0094707E /* EversMazeScene.swift in Sources */,
				1B7446E326B9F36A0094707E /* MainMenu.swift in Sources */,
				1BD644F526BF06EF005BE7E9 /* Extansions.swift in Sources */,
			);
			runOnlyForDeploymentPostprocessing = 0;
		};
/* End PBXSourcesBuildPhase section */

/* Begin PBXVariantGroup section */
		1B2CB59F26B5B8A900CDF222 /* Main.storyboard */ = {
			isa = PBXVariantGroup;
			children = (
				1B2CB5A026B5B8A900CDF222 /* Base */,
			);
			name = Main.storyboard;
			sourceTree = "<group>";
		};
		1B7446D926B9F33D0094707E /* Main.storyboard */ = {
			isa = PBXVariantGroup;
			children = (
				1B7446DA26B9F33D0094707E /* Base */,
			);
			name = Main.storyboard;
			sourceTree = "<group>";
		};
/* End PBXVariantGroup section */

/* Begin XCBuildConfiguration section */
		1B2CB5A426B5B8A900CDF222 /* Debug */ = {
			isa = XCBuildConfiguration;
			buildSettings = {
				ALWAYS_SEARCH_USER_PATHS = NO;
				CLANG_ANALYZER_NONNULL = YES;
				CLANG_ANALYZER_NUMBER_OBJECT_CONVERSION = YES_AGGRESSIVE;
				CLANG_CXX_LANGUAGE_STANDARD = "gnu++14";
				CLANG_CXX_LIBRARY = "libc++";
				CLANG_ENABLE_MODULES = YES;
				CLANG_ENABLE_OBJC_ARC = YES;
				CLANG_ENABLE_OBJC_WEAK = YES;
				CLANG_WARN_BLOCK_CAPTURE_AUTORELEASING = YES;
				CLANG_WARN_BOOL_CONVERSION = YES;
				CLANG_WARN_COMMA = YES;
				CLANG_WARN_CONSTANT_CONVERSION = YES;
				CLANG_WARN_DEPRECATED_OBJC_IMPLEMENTATIONS = YES;
				CLANG_WARN_DIRECT_OBJC_ISA_USAGE = YES_ERROR;
				CLANG_WARN_DOCUMENTATION_COMMENTS = YES;
				CLANG_WARN_EMPTY_BODY = YES;
				CLANG_WARN_ENUM_CONVERSION = YES;
				CLANG_WARN_INFINITE_RECURSION = YES;
				CLANG_WARN_INT_CONVERSION = YES;
				CLANG_WARN_NON_LITERAL_NULL_CONVERSION = YES;
				CLANG_WARN_OBJC_IMPLICIT_RETAIN_SELF = YES;
				CLANG_WARN_OBJC_LITERAL_CONVERSION = YES;
				CLANG_WARN_OBJC_ROOT_CLASS = YES_ERROR;
				CLANG_WARN_QUOTED_INCLUDE_IN_FRAMEWORK_HEADER = YES;
				CLANG_WARN_RANGE_LOOP_ANALYSIS = YES;
				CLANG_WARN_STRICT_PROTOTYPES = YES;
				CLANG_WARN_SUSPICIOUS_MOVE = YES;
				CLANG_WARN_UNGUARDED_AVAILABILITY = YES_AGGRESSIVE;
				CLANG_WARN_UNREACHABLE_CODE = YES;
				CLANG_WARN__DUPLICATE_METHOD_MATCH = YES;
				COPY_PHASE_STRIP = NO;
				DEBUG_INFORMATION_FORMAT = dwarf;
				ENABLE_STRICT_OBJC_MSGSEND = YES;
				ENABLE_TESTABILITY = YES;
				GCC_C_LANGUAGE_STANDARD = gnu11;
				GCC_DYNAMIC_NO_PIC = NO;
				GCC_NO_COMMON_BLOCKS = YES;
				GCC_OPTIMIZATION_LEVEL = 0;
				GCC_PREPROCESSOR_DEFINITIONS = (
					"DEBUG=1",
					"$(inherited)",
				);
				GCC_WARN_64_TO_32_BIT_CONVERSION = YES;
				GCC_WARN_ABOUT_RETURN_TYPE = YES_ERROR;
				GCC_WARN_UNDECLARED_SELECTOR = YES;
				GCC_WARN_UNINITIALIZED_AUTOS = YES_AGGRESSIVE;
				GCC_WARN_UNUSED_FUNCTION = YES;
				GCC_WARN_UNUSED_VARIABLE = YES;
				MACOSX_DEPLOYMENT_TARGET = 11.0;
				MTL_ENABLE_DEBUG_INFO = INCLUDE_SOURCE;
				MTL_FAST_MATH = YES;
				ONLY_ACTIVE_ARCH = YES;
				SDKROOT = macosx;
				SWIFT_ACTIVE_COMPILATION_CONDITIONS = DEBUG;
				SWIFT_OPTIMIZATION_LEVEL = "-Onone";
			};
			name = Debug;
		};
		1B2CB5A526B5B8A900CDF222 /* Release */ = {
			isa = XCBuildConfiguration;
			buildSettings = {
				ALWAYS_SEARCH_USER_PATHS = NO;
				CLANG_ANALYZER_NONNULL = YES;
				CLANG_ANALYZER_NUMBER_OBJECT_CONVERSION = YES_AGGRESSIVE;
				CLANG_CXX_LANGUAGE_STANDARD = "gnu++14";
				CLANG_CXX_LIBRARY = "libc++";
				CLANG_ENABLE_MODULES = YES;
				CLANG_ENABLE_OBJC_ARC = YES;
				CLANG_ENABLE_OBJC_WEAK = YES;
				CLANG_WARN_BLOCK_CAPTURE_AUTORELEASING = YES;
				CLANG_WARN_BOOL_CONVERSION = YES;
				CLANG_WARN_COMMA = YES;
				CLANG_WARN_CONSTANT_CONVERSION = YES;
				CLANG_WARN_DEPRECATED_OBJC_IMPLEMENTATIONS = YES;
				CLANG_WARN_DIRECT_OBJC_ISA_USAGE = YES_ERROR;
				CLANG_WARN_DOCUMENTATION_COMMENTS = YES;
				CLANG_WARN_EMPTY_BODY = YES;
				CLANG_WARN_ENUM_CONVERSION = YES;
				CLANG_WARN_INFINITE_RECURSION = YES;
				CLANG_WARN_INT_CONVERSION = YES;
				CLANG_WARN_NON_LITERAL_NULL_CONVERSION = YES;
				CLANG_WARN_OBJC_IMPLICIT_RETAIN_SELF = YES;
				CLANG_WARN_OBJC_LITERAL_CONVERSION = YES;
				CLANG_WARN_OBJC_ROOT_CLASS = YES_ERROR;
				CLANG_WARN_QUOTED_INCLUDE_IN_FRAMEWORK_HEADER = YES;
				CLANG_WARN_RANGE_LOOP_ANALYSIS = YES;
				CLANG_WARN_STRICT_PROTOTYPES = YES;
				CLANG_WARN_SUSPICIOUS_MOVE = YES;
				CLANG_WARN_UNGUARDED_AVAILABILITY = YES_AGGRESSIVE;
				CLANG_WARN_UNREACHABLE_CODE = YES;
				CLANG_WARN__DUPLICATE_METHOD_MATCH = YES;
				COPY_PHASE_STRIP = NO;
				DEBUG_INFORMATION_FORMAT = "dwarf-with-dsym";
				ENABLE_NS_ASSERTIONS = NO;
				ENABLE_STRICT_OBJC_MSGSEND = YES;
				GCC_C_LANGUAGE_STANDARD = gnu11;
				GCC_NO_COMMON_BLOCKS = YES;
				GCC_WARN_64_TO_32_BIT_CONVERSION = YES;
				GCC_WARN_ABOUT_RETURN_TYPE = YES_ERROR;
				GCC_WARN_UNDECLARED_SELECTOR = YES;
				GCC_WARN_UNINITIALIZED_AUTOS = YES_AGGRESSIVE;
				GCC_WARN_UNUSED_FUNCTION = YES;
				GCC_WARN_UNUSED_VARIABLE = YES;
				MACOSX_DEPLOYMENT_TARGET = 11.0;
				MTL_ENABLE_DEBUG_INFO = NO;
				MTL_FAST_MATH = YES;
				SDKROOT = macosx;
				SWIFT_COMPILATION_MODE = wholemodule;
				SWIFT_OPTIMIZATION_LEVEL = "-O";
			};
			name = Release;
		};
		1B2CB5A726B5B8A900CDF222 /* Debug */ = {
			isa = XCBuildConfiguration;
			buildSettings = {
				ASSETCATALOG_COMPILER_APPICON_NAME = AppIcon;
				ASSETCATALOG_COMPILER_GLOBAL_ACCENT_COLOR_NAME = AccentColor;
				CODE_SIGN_ENTITLEMENTS = PhysicsTesting/PhysicsTesting.entitlements;
				CODE_SIGN_STYLE = Automatic;
				COMBINE_HIDPI_IMAGES = YES;
				DEVELOPMENT_TEAM = R3PU6JKY2A;
				ENABLE_HARDENED_RUNTIME = YES;
				INFOPLIST_FILE = PhysicsTesting/Info.plist;
				LD_RUNPATH_SEARCH_PATHS = (
					"$(inherited)",
					"@executable_path/../Frameworks",
				);
				MACOSX_DEPLOYMENT_TARGET = 11.0;
				PRODUCT_BUNDLE_IDENTIFIER = com.ubermaze.CloudKitTestMega.PhysicsTesting;
				PRODUCT_NAME = "$(TARGET_NAME)";
				SWIFT_VERSION = 5.0;
			};
			name = Debug;
		};
		1B2CB5A826B5B8A900CDF222 /* Release */ = {
			isa = XCBuildConfiguration;
			buildSettings = {
				ASSETCATALOG_COMPILER_APPICON_NAME = AppIcon;
				ASSETCATALOG_COMPILER_GLOBAL_ACCENT_COLOR_NAME = AccentColor;
				CODE_SIGN_ENTITLEMENTS = PhysicsTesting/PhysicsTesting.entitlements;
				CODE_SIGN_STYLE = Automatic;
				COMBINE_HIDPI_IMAGES = YES;
				DEVELOPMENT_TEAM = R3PU6JKY2A;
				ENABLE_HARDENED_RUNTIME = YES;
				INFOPLIST_FILE = PhysicsTesting/Info.plist;
				LD_RUNPATH_SEARCH_PATHS = (
					"$(inherited)",
					"@executable_path/../Frameworks",
				);
				MACOSX_DEPLOYMENT_TARGET = 11.0;
				PRODUCT_BUNDLE_IDENTIFIER = com.ubermaze.CloudKitTestMega.PhysicsTesting;
				PRODUCT_NAME = "$(TARGET_NAME)";
				SWIFT_VERSION = 5.0;
			};
			name = Release;
		};
		1B7446E026B9F33E0094707E /* Debug */ = {
			isa = XCBuildConfiguration;
			buildSettings = {
				ASSETCATALOG_COMPILER_APPICON_NAME = AppIcon;
				ASSETCATALOG_COMPILER_GLOBAL_ACCENT_COLOR_NAME = AccentColor;
				CODE_SIGN_STYLE = Automatic;
				DEVELOPMENT_TEAM = R3PU6JKY2A;
				INFOPLIST_FILE = PhysicsTestingIOS/Info.plist;
				IPHONEOS_DEPLOYMENT_TARGET = 13.0;
				LD_RUNPATH_SEARCH_PATHS = (
					"$(inherited)",
					"@executable_path/Frameworks",
				);
				PRODUCT_BUNDLE_IDENTIFIER = com.ubermaze.CloudKitTestMega.PhysicsTestingIOS;
				PRODUCT_NAME = "$(TARGET_NAME)";
				SDKROOT = iphoneos;
				SWIFT_VERSION = 5.0;
				TARGETED_DEVICE_FAMILY = "1,2";
			};
			name = Debug;
		};
		1B7446E126B9F33E0094707E /* Release */ = {
			isa = XCBuildConfiguration;
			buildSettings = {
				ASSETCATALOG_COMPILER_APPICON_NAME = AppIcon;
				ASSETCATALOG_COMPILER_GLOBAL_ACCENT_COLOR_NAME = AccentColor;
				CODE_SIGN_STYLE = Automatic;
				DEVELOPMENT_TEAM = R3PU6JKY2A;
				INFOPLIST_FILE = PhysicsTestingIOS/Info.plist;
				IPHONEOS_DEPLOYMENT_TARGET = 13.0;
				LD_RUNPATH_SEARCH_PATHS = (
					"$(inherited)",
					"@executable_path/Frameworks",
				);
				PRODUCT_BUNDLE_IDENTIFIER = com.ubermaze.CloudKitTestMega.PhysicsTestingIOS;
				PRODUCT_NAME = "$(TARGET_NAME)";
				SDKROOT = iphoneos;
				SWIFT_VERSION = 5.0;
				TARGETED_DEVICE_FAMILY = "1,2";
				VALIDATE_PRODUCT = YES;
			};
			name = Release;
		};
/* End XCBuildConfiguration section */

/* Begin XCConfigurationList section */
		1B2CB58B26B5B8A800CDF222 /* Build configuration list for PBXProject "PhysicsTesting" */ = {
			isa = XCConfigurationList;
			buildConfigurations = (
				1B2CB5A426B5B8A900CDF222 /* Debug */,
				1B2CB5A526B5B8A900CDF222 /* Release */,
			);
			defaultConfigurationIsVisible = 0;
			defaultConfigurationName = Release;
		};
		1B2CB5A626B5B8A900CDF222 /* Build configuration list for PBXNativeTarget "PhysicsTesting" */ = {
			isa = XCConfigurationList;
			buildConfigurations = (
				1B2CB5A726B5B8A900CDF222 /* Debug */,
				1B2CB5A826B5B8A900CDF222 /* Release */,
			);
			defaultConfigurationIsVisible = 0;
			defaultConfigurationName = Release;
		};
		1B7446DF26B9F33E0094707E /* Build configuration list for PBXNativeTarget "PhysicsTestingIOS" */ = {
			isa = XCConfigurationList;
			buildConfigurations = (
				1B7446E026B9F33E0094707E /* Debug */,
				1B7446E126B9F33E0094707E /* Release */,
			);
			defaultConfigurationIsVisible = 0;
			defaultConfigurationName = Release;
		};
/* End XCConfigurationList section */

/* Begin XCRemoteSwiftPackageReference section */
		1B31FB7E26B5C47B0071BB72 /* XCRemoteSwiftPackageReference "Magic" */ = {
			isa = XCRemoteSwiftPackageReference;
			repositoryURL = "https://github.com/JonnyGamer/Magic";
			requirement = {
				kind = upToNextMajorVersion;
				minimumVersion = 0.0.1;
			};
		};
		1B7446C026B88BC10094707E /* XCRemoteSwiftPackageReference "EverMaze" */ = {
			isa = XCRemoteSwiftPackageReference;
			repositoryURL = "https://github.com/JonnyGamer/EverMaze";
			requirement = {
				kind = upToNextMajorVersion;
				minimumVersion = 0.0.7;
			};
		};
/* End XCRemoteSwiftPackageReference section */

/* Begin XCSwiftPackageProductDependency section */
		1B31FB7F26B5C47B0071BB72 /* Magic */ = {
			isa = XCSwiftPackageProductDependency;
			package = 1B31FB7E26B5C47B0071BB72 /* XCRemoteSwiftPackageReference "Magic" */;
			productName = Magic;
		};
		1B7446C126B88BC10094707E /* EverMazeKit */ = {
			isa = XCSwiftPackageProductDependency;
			package = 1B7446C026B88BC10094707E /* XCRemoteSwiftPackageReference "EverMaze" */;
			productName = EverMazeKit;
		};
		1B7446E726B9F3940094707E /* Magic */ = {
			isa = XCSwiftPackageProductDependency;
			package = 1B31FB7E26B5C47B0071BB72 /* XCRemoteSwiftPackageReference "Magic" */;
			productName = Magic;
		};
		1B7446E926B9F3980094707E /* EverMazeKit */ = {
			isa = XCSwiftPackageProductDependency;
			package = 1B7446C026B88BC10094707E /* XCRemoteSwiftPackageReference "EverMaze" */;
			productName = EverMazeKit;
		};
/* End XCSwiftPackageProductDependency section */
	};
	rootObject = 1B2CB58826B5B8A800CDF222 /* Project object */;
}
