// !$*UTF8*$!
{
	archiveVersion = 1;
	classes = {
	};
	objectVersion = 50;
	objects = {

/* Begin PBXBuildFile section */
		1BE3EA392630DBB400D039CE /* AppDelegate.swift in Sources */ = {isa = PBXBuildFile; fileRef = 1BE3EA382630DBB400D039CE /* AppDelegate.swift */; };
		1BE3EA3F2630DBB400D039CE /* GameScene.swift in Sources */ = {isa = PBXBuildFile; fileRef = 1BE3EA3E2630DBB400D039CE /* GameScene.swift */; };
		1BE3EA412630DBB400D039CE /* ViewController.swift in Sources */ = {isa = PBXBuildFile; fileRef = 1BE3EA402630DBB400D039CE /* ViewController.swift */; };
		1BE3EA432630DBB500D039CE /* Assets.xcassets in Resources */ = {isa = PBXBuildFile; fileRef = 1BE3EA422630DBB500D039CE /* Assets.xcassets */; };
		1BE3EA462630DBB500D039CE /* Main.storyboard in Resources */ = {isa = PBXBuildFile; fileRef = 1BE3EA442630DBB500D039CE /* Main.storyboard */; };
		1BE3EA522630DD4E00D039CE /* BabaIsYou.swift in Sources */ = {isa = PBXBuildFile; fileRef = 1BE3EA512630DD4E00D039CE /* BabaIsYou.swift */; };
/* End PBXBuildFile section */

/* Begin PBXFileReference section */
		1BE3EA352630DBB400D039CE /* BabaIsYouWithClass.app */ = {isa = PBXFileReference; explicitFileType = wrapper.application; includeInIndex = 0; path = BabaIsYouWithClass.app; sourceTree = BUILT_PRODUCTS_DIR; };
		1BE3EA382630DBB400D039CE /* AppDelegate.swift */ = {isa = PBXFileReference; lastKnownFileType = sourcecode.swift; path = AppDelegate.swift; sourceTree = "<group>"; };
		1BE3EA3E2630DBB400D039CE /* GameScene.swift */ = {isa = PBXFileReference; lastKnownFileType = sourcecode.swift; path = GameScene.swift; sourceTree = "<group>"; };
		1BE3EA402630DBB400D039CE /* ViewController.swift */ = {isa = PBXFileReference; lastKnownFileType = sourcecode.swift; path = ViewController.swift; sourceTree = "<group>"; };
		1BE3EA422630DBB500D039CE /* Assets.xcassets */ = {isa = PBXFileReference; lastKnownFileType = folder.assetcatalog; path = Assets.xcassets; sourceTree = "<group>"; };
		1BE3EA452630DBB500D039CE /* Base */ = {isa = PBXFileReference; lastKnownFileType = file.storyboard; name = Base; path = Base.lproj/Main.storyboard; sourceTree = "<group>"; };
		1BE3EA472630DBB500D039CE /* Info.plist */ = {isa = PBXFileReference; lastKnownFileType = text.plist.xml; path = Info.plist; sourceTree = "<group>"; };
		1BE3EA482630DBB500D039CE /* BabaIsYouWithClass.entitlements */ = {isa = PBXFileReference; lastKnownFileType = text.plist.entitlements; path = BabaIsYouWithClass.entitlements; sourceTree = "<group>"; };
		1BE3EA512630DD4E00D039CE /* BabaIsYou.swift */ = {isa = PBXFileReference; lastKnownFileType = sourcecode.swift; path = BabaIsYou.swift; sourceTree = "<group>"; };
/* End PBXFileReference section */

/* Begin PBXFrameworksBuildPhase section */
		1BE3EA322630DBB400D039CE /* Frameworks */ = {
			isa = PBXFrameworksBuildPhase;
			buildActionMask = 2147483647;
			files = (
			);
			runOnlyForDeploymentPostprocessing = 0;
		};
/* End PBXFrameworksBuildPhase section */

/* Begin PBXGroup section */
		1BE3EA2C2630DBB400D039CE = {
			isa = PBXGroup;
			children = (
				1BE3EA372630DBB400D039CE /* BabaIsYouWithClass */,
				1BE3EA362630DBB400D039CE /* Products */,
			);
			sourceTree = "<group>";
		};
		1BE3EA362630DBB400D039CE /* Products */ = {
			isa = PBXGroup;
			children = (
				1BE3EA352630DBB400D039CE /* BabaIsYouWithClass.app */,
			);
			name = Products;
			sourceTree = "<group>";
		};
		1BE3EA372630DBB400D039CE /* BabaIsYouWithClass */ = {
			isa = PBXGroup;
			children = (
				1BE3EA382630DBB400D039CE /* AppDelegate.swift */,
				1BE3EA3E2630DBB400D039CE /* GameScene.swift */,
				1BE3EA512630DD4E00D039CE /* BabaIsYou.swift */,
				1BE3EA402630DBB400D039CE /* ViewController.swift */,
				1BE3EA422630DBB500D039CE /* Assets.xcassets */,
				1BE3EA442630DBB500D039CE /* Main.storyboard */,
				1BE3EA472630DBB500D039CE /* Info.plist */,
				1BE3EA482630DBB500D039CE /* BabaIsYouWithClass.entitlements */,
			);
			path = BabaIsYouWithClass;
			sourceTree = "<group>";
		};
/* End PBXGroup section */

/* Begin PBXNativeTarget section */
		1BE3EA342630DBB400D039CE /* BabaIsYouWithClass */ = {
			isa = PBXNativeTarget;
			buildConfigurationList = 1BE3EA4B2630DBB500D039CE /* Build configuration list for PBXNativeTarget "BabaIsYouWithClass" */;
			buildPhases = (
				1BE3EA312630DBB400D039CE /* Sources */,
				1BE3EA322630DBB400D039CE /* Frameworks */,
				1BE3EA332630DBB400D039CE /* Resources */,
			);
			buildRules = (
			);
			dependencies = (
			);
			name = BabaIsYouWithClass;
			productName = BabaIsYouWithClass;
			productReference = 1BE3EA352630DBB400D039CE /* BabaIsYouWithClass.app */;
			productType = "com.apple.product-type.application";
		};
/* End PBXNativeTarget section */

/* Begin PBXProject section */
		1BE3EA2D2630DBB400D039CE /* Project object */ = {
			isa = PBXProject;
			attributes = {
				LastSwiftUpdateCheck = 1240;
				LastUpgradeCheck = 1240;
				TargetAttributes = {
					1BE3EA342630DBB400D039CE = {
						CreatedOnToolsVersion = 12.4;
					};
				};
			};
			buildConfigurationList = 1BE3EA302630DBB400D039CE /* Build configuration list for PBXProject "BabaIsYouWithClass" */;
			compatibilityVersion = "Xcode 9.3";
			developmentRegion = en;
			hasScannedForEncodings = 0;
			knownRegions = (
				en,
				Base,
			);
			mainGroup = 1BE3EA2C2630DBB400D039CE;
			productRefGroup = 1BE3EA362630DBB400D039CE /* Products */;
			projectDirPath = "";
			projectRoot = "";
			targets = (
				1BE3EA342630DBB400D039CE /* BabaIsYouWithClass */,
			);
		};
/* End PBXProject section */

/* Begin PBXResourcesBuildPhase section */
		1BE3EA332630DBB400D039CE /* Resources */ = {
			isa = PBXResourcesBuildPhase;
			buildActionMask = 2147483647;
			files = (
				1BE3EA432630DBB500D039CE /* Assets.xcassets in Resources */,
				1BE3EA462630DBB500D039CE /* Main.storyboard in Resources */,
			);
			runOnlyForDeploymentPostprocessing = 0;
		};
/* End PBXResourcesBuildPhase section */

/* Begin PBXSourcesBuildPhase section */
		1BE3EA312630DBB400D039CE /* Sources */ = {
			isa = PBXSourcesBuildPhase;
			buildActionMask = 2147483647;
			files = (
				1BE3EA412630DBB400D039CE /* ViewController.swift in Sources */,
				1BE3EA522630DD4E00D039CE /* BabaIsYou.swift in Sources */,
				1BE3EA3F2630DBB400D039CE /* GameScene.swift in Sources */,
				1BE3EA392630DBB400D039CE /* AppDelegate.swift in Sources */,
			);
			runOnlyForDeploymentPostprocessing = 0;
		};
/* End PBXSourcesBuildPhase section */

/* Begin PBXVariantGroup section */
		1BE3EA442630DBB500D039CE /* Main.storyboard */ = {
			isa = PBXVariantGroup;
			children = (
				1BE3EA452630DBB500D039CE /* Base */,
			);
			name = Main.storyboard;
			sourceTree = "<group>";
		};
/* End PBXVariantGroup section */

/* Begin XCBuildConfiguration section */
		1BE3EA492630DBB500D039CE /* Debug */ = {
			isa = XCBuildConfiguration;
			buildSettings = {
				ALWAYS_SEARCH_USER_PATHS = NO;
				CLANG_ANALYZER_NONNULL = YES;
				CLANG_ANALYZER_NUMBER_OBJECT_CONVERSION = YES_AGGRESSIVE;
				CLANG_CXX_LANGUAGE_STANDARD = "gnu++14";
				CLANG_CXX_LIBRARY = "libc++";
				CLANG_ENABLE_MODULES = YES;
				CLANG_ENABLE_OBJC_ARC = YES;
				CLANG_ENABLE_OBJC_WEAK = YES;
				CLANG_WARN_BLOCK_CAPTURE_AUTORELEASING = YES;
				CLANG_WARN_BOOL_CONVERSION = YES;
				CLANG_WARN_COMMA = YES;
				CLANG_WARN_CONSTANT_CONVERSION = YES;
				CLANG_WARN_DEPRECATED_OBJC_IMPLEMENTATIONS = YES;
				CLANG_WARN_DIRECT_OBJC_ISA_USAGE = YES_ERROR;
				CLANG_WARN_DOCUMENTATION_COMMENTS = YES;
				CLANG_WARN_EMPTY_BODY = YES;
				CLANG_WARN_ENUM_CONVERSION = YES;
				CLANG_WARN_INFINITE_RECURSION = YES;
				CLANG_WARN_INT_CONVERSION = YES;
				CLANG_WARN_NON_LITERAL_NULL_CONVERSION = YES;
				CLANG_WARN_OBJC_IMPLICIT_RETAIN_SELF = YES;
				CLANG_WARN_OBJC_LITERAL_CONVERSION = YES;
				CLANG_WARN_OBJC_ROOT_CLASS = YES_ERROR;
				CLANG_WARN_QUOTED_INCLUDE_IN_FRAMEWORK_HEADER = YES;
				CLANG_WARN_RANGE_LOOP_ANALYSIS = YES;
				CLANG_WARN_STRICT_PROTOTYPES = YES;
				CLANG_WARN_SUSPICIOUS_MOVE = YES;
				CLANG_WARN_UNGUARDED_AVAILABILITY = YES_AGGRESSIVE;
				CLANG_WARN_UNREACHABLE_CODE = YES;
				CLANG_WARN__DUPLICATE_METHOD_MATCH = YES;
				COPY_PHASE_STRIP = NO;
				DEBUG_INFORMATION_FORMAT = dwarf;
				ENABLE_STRICT_OBJC_MSGSEND = YES;
				ENABLE_TESTABILITY = YES;
				GCC_C_LANGUAGE_STANDARD = gnu11;
				GCC_DYNAMIC_NO_PIC = NO;
				GCC_NO_COMMON_BLOCKS = YES;
				GCC_OPTIMIZATION_LEVEL = 0;
				GCC_PREPROCESSOR_DEFINITIONS = (
					"DEBUG=1",
					"$(inherited)",
				);
				GCC_WARN_64_TO_32_BIT_CONVERSION = YES;
				GCC_WARN_ABOUT_RETURN_TYPE = YES_ERROR;
				GCC_WARN_UNDECLARED_SELECTOR = YES;
				GCC_WARN_UNINITIALIZED_AUTOS = YES_AGGRESSIVE;
				GCC_WARN_UNUSED_FUNCTION = YES;
				GCC_WARN_UNUSED_VARIABLE = YES;
				MACOSX_DEPLOYMENT_TARGET = 11.0;
				MTL_ENABLE_DEBUG_INFO = INCLUDE_SOURCE;
				MTL_FAST_MATH = YES;
				ONLY_ACTIVE_ARCH = YES;
				SDKROOT = macosx;
				SWIFT_ACTIVE_COMPILATION_CONDITIONS = DEBUG;
				SWIFT_OPTIMIZATION_LEVEL = "-Onone";
			};
			name = Debug;
		};
		1BE3EA4A2630DBB500D039CE /* Release */ = {
			isa = XCBuildConfiguration;
			buildSettings = {
				ALWAYS_SEARCH_USER_PATHS = NO;
				CLANG_ANALYZER_NONNULL = YES;
				CLANG_ANALYZER_NUMBER_OBJECT_CONVERSION = YES_AGGRESSIVE;
				CLANG_CXX_LANGUAGE_STANDARD = "gnu++14";
				CLANG_CXX_LIBRARY = "libc++";
				CLANG_ENABLE_MODULES = YES;
				CLANG_ENABLE_OBJC_ARC = YES;
				CLANG_ENABLE_OBJC_WEAK = YES;
				CLANG_WARN_BLOCK_CAPTURE_AUTORELEASING = YES;
				CLANG_WARN_BOOL_CONVERSION = YES;
				CLANG_WARN_COMMA = YES;
				CLANG_WARN_CONSTANT_CONVERSION = YES;
				CLANG_WARN_DEPRECATED_OBJC_IMPLEMENTATIONS = YES;
				CLANG_WARN_DIRECT_OBJC_ISA_USAGE = YES_ERROR;
				CLANG_WARN_DOCUMENTATION_COMMENTS = YES;
				CLANG_WARN_EMPTY_BODY = YES;
				CLANG_WARN_ENUM_CONVERSION = YES;
				CLANG_WARN_INFINITE_RECURSION = YES;
				CLANG_WARN_INT_CONVERSION = YES;
				CLANG_WARN_NON_LITERAL_NULL_CONVERSION = YES;
				CLANG_WARN_OBJC_IMPLICIT_RETAIN_SELF = YES;
				CLANG_WARN_OBJC_LITERAL_CONVERSION = YES;
				CLANG_WARN_OBJC_ROOT_CLASS = YES_ERROR;
				CLANG_WARN_QUOTED_INCLUDE_IN_FRAMEWORK_HEADER = YES;
				CLANG_WARN_RANGE_LOOP_ANALYSIS = YES;
				CLANG_WARN_STRICT_PROTOTYPES = YES;
				CLANG_WARN_SUSPICIOUS_MOVE = YES;
				CLANG_WARN_UNGUARDED_AVAILABILITY = YES_AGGRESSIVE;
				CLANG_WARN_UNREACHABLE_CODE = YES;
				CLANG_WARN__DUPLICATE_METHOD_MATCH = YES;
				COPY_PHASE_STRIP = NO;
				DEBUG_INFORMATION_FORMAT = "dwarf-with-dsym";
				ENABLE_NS_ASSERTIONS = NO;
				ENABLE_STRICT_OBJC_MSGSEND = YES;
				GCC_C_LANGUAGE_STANDARD = gnu11;
				GCC_NO_COMMON_BLOCKS = YES;
				GCC_WARN_64_TO_32_BIT_CONVERSION = YES;
				GCC_WARN_ABOUT_RETURN_TYPE = YES_ERROR;
				GCC_WARN_UNDECLARED_SELECTOR = YES;
				GCC_WARN_UNINITIALIZED_AUTOS = YES_AGGRESSIVE;
				GCC_WARN_UNUSED_FUNCTION = YES;
				GCC_WARN_UNUSED_VARIABLE = YES;
				MACOSX_DEPLOYMENT_TARGET = 11.0;
				MTL_ENABLE_DEBUG_INFO = NO;
				MTL_FAST_MATH = YES;
				SDKROOT = macosx;
				SWIFT_COMPILATION_MODE = wholemodule;
				SWIFT_OPTIMIZATION_LEVEL = "-O";
			};
			name = Release;
		};
		1BE3EA4C2630DBB500D039CE /* Debug */ = {
			isa = XCBuildConfiguration;
			buildSettings = {
				ASSETCATALOG_COMPILER_APPICON_NAME = AppIcon;
				ASSETCATALOG_COMPILER_GLOBAL_ACCENT_COLOR_NAME = AccentColor;
				CODE_SIGN_ENTITLEMENTS = BabaIsYouWithClass/BabaIsYouWithClass.entitlements;
				CODE_SIGN_STYLE = Automatic;
				COMBINE_HIDPI_IMAGES = YES;
				DEVELOPMENT_TEAM = R3PU6JKY2A;
				ENABLE_HARDENED_RUNTIME = YES;
				INFOPLIST_FILE = BabaIsYouWithClass/Info.plist;
				LD_RUNPATH_SEARCH_PATHS = (
					"$(inherited)",
					"@executable_path/../Frameworks",
				);
				PRODUCT_BUNDLE_IDENTIFIER = com.ubermaze.CloudKitTestMega.BabaIsYouWithClass;
				PRODUCT_NAME = "$(TARGET_NAME)";
				SWIFT_VERSION = 5.0;
			};
			name = Debug;
		};
		1BE3EA4D2630DBB500D039CE /* Release */ = {
			isa = XCBuildConfiguration;
			buildSettings = {
				ASSETCATALOG_COMPILER_APPICON_NAME = AppIcon;
				ASSETCATALOG_COMPILER_GLOBAL_ACCENT_COLOR_NAME = AccentColor;
				CODE_SIGN_ENTITLEMENTS = BabaIsYouWithClass/BabaIsYouWithClass.entitlements;
				CODE_SIGN_STYLE = Automatic;
				COMBINE_HIDPI_IMAGES = YES;
				DEVELOPMENT_TEAM = R3PU6JKY2A;
				ENABLE_HARDENED_RUNTIME = YES;
				INFOPLIST_FILE = BabaIsYouWithClass/Info.plist;
				LD_RUNPATH_SEARCH_PATHS = (
					"$(inherited)",
					"@executable_path/../Frameworks",
				);
				PRODUCT_BUNDLE_IDENTIFIER = com.ubermaze.CloudKitTestMega.BabaIsYouWithClass;
				PRODUCT_NAME = "$(TARGET_NAME)";
				SWIFT_VERSION = 5.0;
			};
			name = Release;
		};
/* End XCBuildConfiguration section */

/* Begin XCConfigurationList section */
		1BE3EA302630DBB400D039CE /* Build configuration list for PBXProject "BabaIsYouWithClass" */ = {
			isa = XCConfigurationList;
			buildConfigurations = (
				1BE3EA492630DBB500D039CE /* Debug */,
				1BE3EA4A2630DBB500D039CE /* Release */,
			);
			defaultConfigurationIsVisible = 0;
			defaultConfigurationName = Release;
		};
		1BE3EA4B2630DBB500D039CE /* Build configuration list for PBXNativeTarget "BabaIsYouWithClass" */ = {
			isa = XCConfigurationList;
			buildConfigurations = (
				1BE3EA4C2630DBB500D039CE /* Debug */,
				1BE3EA4D2630DBB500D039CE /* Release */,
			);
			defaultConfigurationIsVisible = 0;
			defaultConfigurationName = Release;
		};
/* End XCConfigurationList section */
	};
	rootObject = 1BE3EA2D2630DBB400D039CE /* Project object */;
}
