{
  "object": {
    "pins": [
      {
        "package": "EverMazeKit",
        "repositoryURL": "https://github.com/JonnyGamer/EverMaze",
        "state": {
          "branch": null,
          "revision": "119a0fe499328672db926bc84f8f8624be1ddee0",
          "version": "0.1.7"
        }
      },
      {
        "package": "magic-kit",
        "repositoryURL": "https://github.com/JonnyGamer/Magic",
        "state": {
          "branch": null,
          "revision": "42847043c1a6e3cb468874bc12a9f04883f3cc12",
          "version": "0.2.6"
        }
      }
    ]
  },
  "version": 1
}
