{
  "object": {
    "pins": [
      {
        "package": "EverMazeKit",
        "repositoryURL": "https://github.com/JonnyGamer/EverMaze",
        "state": {
          "branch": null,
          "revision": "5562ffe42f1b3e5bb00368577e3943c142f53696",
          "version": "0.1.6"
        }
      },
      {
        "package": "magic-kit",
        "repositoryURL": "https://github.com/JonnyGamer/Magic",
        "state": {
          "branch": null,
          "revision": "42847043c1a6e3cb468874bc12a9f04883f3cc12",
          "version": "0.2.6"
        }
      }
    ]
  },
  "version": 1
}
