{
  "object": {
    "pins": [
      {
        "package": "EverMazeKit",
        "repositoryURL": "https://github.com/JonnyGamer/EverMaze",
        "state": {
          "branch": null,
          "revision": "1a3ebd47fb023142395e6a067b20d6b6fe5aa36a",
          "version": "0.1.5"
        }
      },
      {
        "package": "magic-kit",
        "repositoryURL": "https://github.com/JonnyGamer/Magic",
        "state": {
          "branch": null,
          "revision": "fe5bb01e2c6b6860209050e4704ac56dfac398eb",
          "version": "0.1.1"
        }
      }
    ]
  },
  "version": 1
}
