// !$*UTF8*$!
{
	archiveVersion = 1;
	classes = {
	};
	objectVersion = 52;
	objects = {

/* Begin PBXBuildFile section */
		1BE0786B25EB5F4C002A3AC9 /* AppDelegate.swift in Sources */ = {isa = PBXBuildFile; fileRef = 1BE0786A25EB5F4C002A3AC9 /* AppDelegate.swift */; };
		1BE0787325EB5F4C002A3AC9 /* GameViewController.swift in Sources */ = {isa = PBXBuildFile; fileRef = 1BE0787225EB5F4C002A3AC9 /* GameViewController.swift */; };
		1BE0787625EB5F4C002A3AC9 /* Main.storyboard in Resources */ = {isa = PBXBuildFile; fileRef = 1BE0787425EB5F4C002A3AC9 /* Main.storyboard */; };
		1BE0787825EB5F4D002A3AC9 /* Assets.xcassets in Resources */ = {isa = PBXBuildFile; fileRef = 1BE0787725EB5F4D002A3AC9 /* Assets.xcassets */; };
		1BE0788125EB5F8C002A3AC9 /* fonts in Resources */ = {isa = PBXBuildFile; fileRef = 1BE0788025EB5F8C002A3AC9 /* fonts */; };
		1BE0788F25EB5FAE002A3AC9 /* SettingsPanel.swift in Sources */ = {isa = PBXBuildFile; fileRef = 1BE0788425EB5FAE002A3AC9 /* SettingsPanel.swift */; };
		1BE0789025EB5FAE002A3AC9 /* Reachability.swift in Sources */ = {isa = PBXBuildFile; fileRef = 1BE0788525EB5FAE002A3AC9 /* Reachability.swift */; };
		1BE0789125EB5FAE002A3AC9 /* GameScene.sks in Resources */ = {isa = PBXBuildFile; fileRef = 1BE0788625EB5FAE002A3AC9 /* GameScene.sks */; };
		1BE0789225EB5FAE002A3AC9 /* ResultBoard.swift in Sources */ = {isa = PBXBuildFile; fileRef = 1BE0788725EB5FAE002A3AC9 /* ResultBoard.swift */; };
		1BE0789325EB5FAE002A3AC9 /* TapViewController.swift in Sources */ = {isa = PBXBuildFile; fileRef = 1BE0788925EB5FAE002A3AC9 /* TapViewController.swift */; };
		1BE0789425EB5FAE002A3AC9 /* ScreenMirror.swift in Sources */ = {isa = PBXBuildFile; fileRef = 1BE0788A25EB5FAE002A3AC9 /* ScreenMirror.swift */; };
		1BE0789525EB5FAE002A3AC9 /* ControlCentre.swift in Sources */ = {isa = PBXBuildFile; fileRef = 1BE0788B25EB5FAE002A3AC9 /* ControlCentre.swift */; };
		1BE0789625EB5FAE002A3AC9 /* SKButtonNode.swift in Sources */ = {isa = PBXBuildFile; fileRef = 1BE0788C25EB5FAE002A3AC9 /* SKButtonNode.swift */; };
		1BE0789725EB5FAE002A3AC9 /* GameScene.swift in Sources */ = {isa = PBXBuildFile; fileRef = 1BE0788D25EB5FAE002A3AC9 /* GameScene.swift */; };
		1BE0789825EB5FAE002A3AC9 /* Actions.sks in Resources */ = {isa = PBXBuildFile; fileRef = 1BE0788E25EB5FAE002A3AC9 /* Actions.sks */; };
		1BE0789D25EB5FDE002A3AC9 /* Then in Frameworks */ = {isa = PBXBuildFile; productRef = 1BE0789C25EB5FDE002A3AC9 /* Then */; };
		1BE078A325EB6038002A3AC9 /* sounds in Resources */ = {isa = PBXBuildFile; fileRef = 1BE078A225EB6038002A3AC9 /* sounds */; };
/* End PBXBuildFile section */

/* Begin PBXFileReference section */
		1BE0786725EB5F4C002A3AC9 /* FlappyBirdiOS.app */ = {isa = PBXFileReference; explicitFileType = wrapper.application; includeInIndex = 0; path = FlappyBirdiOS.app; sourceTree = BUILT_PRODUCTS_DIR; };
		1BE0786A25EB5F4C002A3AC9 /* AppDelegate.swift */ = {isa = PBXFileReference; lastKnownFileType = sourcecode.swift; path = AppDelegate.swift; sourceTree = "<group>"; };
		1BE0787225EB5F4C002A3AC9 /* GameViewController.swift */ = {isa = PBXFileReference; lastKnownFileType = sourcecode.swift; path = GameViewController.swift; sourceTree = "<group>"; };
		1BE0787525EB5F4C002A3AC9 /* Base */ = {isa = PBXFileReference; lastKnownFileType = file.storyboard; name = Base; path = Base.lproj/Main.storyboard; sourceTree = "<group>"; };
		1BE0787725EB5F4D002A3AC9 /* Assets.xcassets */ = {isa = PBXFileReference; lastKnownFileType = folder.assetcatalog; path = Assets.xcassets; sourceTree = "<group>"; };
		1BE0787925EB5F4D002A3AC9 /* Info.plist */ = {isa = PBXFileReference; lastKnownFileType = text.plist.xml; path = Info.plist; sourceTree = "<group>"; };
		1BE0788025EB5F8C002A3AC9 /* fonts */ = {isa = PBXFileReference; lastKnownFileType = folder; path = fonts; sourceTree = "<group>"; };
		1BE0788425EB5FAE002A3AC9 /* SettingsPanel.swift */ = {isa = PBXFileReference; fileEncoding = 4; lastKnownFileType = sourcecode.swift; path = SettingsPanel.swift; sourceTree = "<group>"; };
		1BE0788525EB5FAE002A3AC9 /* Reachability.swift */ = {isa = PBXFileReference; fileEncoding = 4; lastKnownFileType = sourcecode.swift; path = Reachability.swift; sourceTree = "<group>"; };
		1BE0788625EB5FAE002A3AC9 /* GameScene.sks */ = {isa = PBXFileReference; lastKnownFileType = file.sks; path = GameScene.sks; sourceTree = "<group>"; };
		1BE0788725EB5FAE002A3AC9 /* ResultBoard.swift */ = {isa = PBXFileReference; fileEncoding = 4; lastKnownFileType = sourcecode.swift; path = ResultBoard.swift; sourceTree = "<group>"; };
		1BE0788925EB5FAE002A3AC9 /* TapViewController.swift */ = {isa = PBXFileReference; fileEncoding = 4; lastKnownFileType = sourcecode.swift; path = TapViewController.swift; sourceTree = "<group>"; };
		1BE0788A25EB5FAE002A3AC9 /* ScreenMirror.swift */ = {isa = PBXFileReference; fileEncoding = 4; lastKnownFileType = sourcecode.swift; path = ScreenMirror.swift; sourceTree = "<group>"; };
		1BE0788B25EB5FAE002A3AC9 /* ControlCentre.swift */ = {isa = PBXFileReference; fileEncoding = 4; lastKnownFileType = sourcecode.swift; path = ControlCentre.swift; sourceTree = "<group>"; };
		1BE0788C25EB5FAE002A3AC9 /* SKButtonNode.swift */ = {isa = PBXFileReference; fileEncoding = 4; lastKnownFileType = sourcecode.swift; path = SKButtonNode.swift; sourceTree = "<group>"; };
		1BE0788D25EB5FAE002A3AC9 /* GameScene.swift */ = {isa = PBXFileReference; fileEncoding = 4; lastKnownFileType = sourcecode.swift; path = GameScene.swift; sourceTree = "<group>"; };
		1BE0788E25EB5FAE002A3AC9 /* Actions.sks */ = {isa = PBXFileReference; lastKnownFileType = file.sks; path = Actions.sks; sourceTree = "<group>"; };
		1BE078A225EB6038002A3AC9 /* sounds */ = {isa = PBXFileReference; lastKnownFileType = folder; path = sounds; sourceTree = "<group>"; };
/* End PBXFileReference section */

/* Begin PBXFrameworksBuildPhase section */
		1BE0786425EB5F4C002A3AC9 /* Frameworks */ = {
			isa = PBXFrameworksBuildPhase;
			buildActionMask = 2147483647;
			files = (
				1BE0789D25EB5FDE002A3AC9 /* Then in Frameworks */,
			);
			runOnlyForDeploymentPostprocessing = 0;
		};
/* End PBXFrameworksBuildPhase section */

/* Begin PBXGroup section */
		1BE0785E25EB5F4C002A3AC9 = {
			isa = PBXGroup;
			children = (
				1BE0786925EB5F4C002A3AC9 /* FlappyBirdiOS */,
				1BE0786825EB5F4C002A3AC9 /* Products */,
			);
			sourceTree = "<group>";
		};
		1BE0786825EB5F4C002A3AC9 /* Products */ = {
			isa = PBXGroup;
			children = (
				1BE0786725EB5F4C002A3AC9 /* FlappyBirdiOS.app */,
			);
			name = Products;
			sourceTree = "<group>";
		};
		1BE0786925EB5F4C002A3AC9 /* FlappyBirdiOS */ = {
			isa = PBXGroup;
			children = (
				1BE0788325EB5FAE002A3AC9 /* game */,
				1BE0788025EB5F8C002A3AC9 /* fonts */,
				1BE078A225EB6038002A3AC9 /* sounds */,
				1BE0786A25EB5F4C002A3AC9 /* AppDelegate.swift */,
				1BE0787225EB5F4C002A3AC9 /* GameViewController.swift */,
				1BE0787425EB5F4C002A3AC9 /* Main.storyboard */,
				1BE0787725EB5F4D002A3AC9 /* Assets.xcassets */,
				1BE0787925EB5F4D002A3AC9 /* Info.plist */,
			);
			path = FlappyBirdiOS;
			sourceTree = "<group>";
		};
		1BE0788325EB5FAE002A3AC9 /* game */ = {
			isa = PBXGroup;
			children = (
				1BE0788425EB5FAE002A3AC9 /* SettingsPanel.swift */,
				1BE0788525EB5FAE002A3AC9 /* Reachability.swift */,
				1BE0788625EB5FAE002A3AC9 /* GameScene.sks */,
				1BE0788725EB5FAE002A3AC9 /* ResultBoard.swift */,
				1BE0788825EB5FAE002A3AC9 /* External Display */,
				1BE0788D25EB5FAE002A3AC9 /* GameScene.swift */,
				1BE0788E25EB5FAE002A3AC9 /* Actions.sks */,
			);
			path = game;
			sourceTree = "<group>";
		};
		1BE0788825EB5FAE002A3AC9 /* External Display */ = {
			isa = PBXGroup;
			children = (
				1BE0788925EB5FAE002A3AC9 /* TapViewController.swift */,
				1BE0788A25EB5FAE002A3AC9 /* ScreenMirror.swift */,
				1BE0788B25EB5FAE002A3AC9 /* ControlCentre.swift */,
				1BE0788C25EB5FAE002A3AC9 /* SKButtonNode.swift */,
			);
			path = "External Display";
			sourceTree = "<group>";
		};
/* End PBXGroup section */

/* Begin PBXNativeTarget section */
		1BE0786625EB5F4C002A3AC9 /* FlappyBirdiOS */ = {
			isa = PBXNativeTarget;
			buildConfigurationList = 1BE0787C25EB5F4D002A3AC9 /* Build configuration list for PBXNativeTarget "FlappyBirdiOS" */;
			buildPhases = (
				1BE0786325EB5F4C002A3AC9 /* Sources */,
				1BE0786425EB5F4C002A3AC9 /* Frameworks */,
				1BE0786525EB5F4C002A3AC9 /* Resources */,
			);
			buildRules = (
			);
			dependencies = (
			);
			name = FlappyBirdiOS;
			packageProductDependencies = (
				1BE0789C25EB5FDE002A3AC9 /* Then */,
			);
			productName = FlappyBirdiOS;
			productReference = 1BE0786725EB5F4C002A3AC9 /* FlappyBirdiOS.app */;
			productType = "com.apple.product-type.application";
		};
/* End PBXNativeTarget section */

/* Begin PBXProject section */
		1BE0785F25EB5F4C002A3AC9 /* Project object */ = {
			isa = PBXProject;
			attributes = {
				LastSwiftUpdateCheck = 1220;
				LastUpgradeCheck = 1220;
				TargetAttributes = {
					1BE0786625EB5F4C002A3AC9 = {
						CreatedOnToolsVersion = 12.2;
					};
				};
			};
			buildConfigurationList = 1BE0786225EB5F4C002A3AC9 /* Build configuration list for PBXProject "FlappyBirdiOS" */;
			compatibilityVersion = "Xcode 9.3";
			developmentRegion = en;
			hasScannedForEncodings = 0;
			knownRegions = (
				en,
				Base,
			);
			mainGroup = 1BE0785E25EB5F4C002A3AC9;
			packageReferences = (
				1BE0789B25EB5FDE002A3AC9 /* XCRemoteSwiftPackageReference "Then" */,
			);
			productRefGroup = 1BE0786825EB5F4C002A3AC9 /* Products */;
			projectDirPath = "";
			projectRoot = "";
			targets = (
				1BE0786625EB5F4C002A3AC9 /* FlappyBirdiOS */,
			);
		};
/* End PBXProject section */

/* Begin PBXResourcesBuildPhase section */
		1BE0786525EB5F4C002A3AC9 /* Resources */ = {
			isa = PBXResourcesBuildPhase;
			buildActionMask = 2147483647;
			files = (
				1BE0789825EB5FAE002A3AC9 /* Actions.sks in Resources */,
				1BE0787625EB5F4C002A3AC9 /* Main.storyboard in Resources */,
				1BE078A325EB6038002A3AC9 /* sounds in Resources */,
				1BE0788125EB5F8C002A3AC9 /* fonts in Resources */,
				1BE0787825EB5F4D002A3AC9 /* Assets.xcassets in Resources */,
				1BE0789125EB5FAE002A3AC9 /* GameScene.sks in Resources */,
			);
			runOnlyForDeploymentPostprocessing = 0;
		};
/* End PBXResourcesBuildPhase section */

/* Begin PBXSourcesBuildPhase section */
		1BE0786325EB5F4C002A3AC9 /* Sources */ = {
			isa = PBXSourcesBuildPhase;
			buildActionMask = 2147483647;
			files = (
				1BE0789425EB5FAE002A3AC9 /* ScreenMirror.swift in Sources */,
				1BE0789525EB5FAE002A3AC9 /* ControlCentre.swift in Sources */,
				1BE0789325EB5FAE002A3AC9 /* TapViewController.swift in Sources */,
				1BE0787325EB5F4C002A3AC9 /* GameViewController.swift in Sources */,
				1BE0789725EB5FAE002A3AC9 /* GameScene.swift in Sources */,
				1BE0786B25EB5F4C002A3AC9 /* AppDelegate.swift in Sources */,
				1BE0789025EB5FAE002A3AC9 /* Reachability.swift in Sources */,
				1BE0789625EB5FAE002A3AC9 /* SKButtonNode.swift in Sources */,
				1BE0788F25EB5FAE002A3AC9 /* SettingsPanel.swift in Sources */,
				1BE0789225EB5FAE002A3AC9 /* ResultBoard.swift in Sources */,
			);
			runOnlyForDeploymentPostprocessing = 0;
		};
/* End PBXSourcesBuildPhase section */

/* Begin PBXVariantGroup section */
		1BE0787425EB5F4C002A3AC9 /* Main.storyboard */ = {
			isa = PBXVariantGroup;
			children = (
				1BE0787525EB5F4C002A3AC9 /* Base */,
			);
			name = Main.storyboard;
			sourceTree = "<group>";
		};
/* End PBXVariantGroup section */

/* Begin XCBuildConfiguration section */
		1BE0787A25EB5F4D002A3AC9 /* Debug */ = {
			isa = XCBuildConfiguration;
			buildSettings = {
				ALWAYS_SEARCH_USER_PATHS = NO;
				CLANG_ANALYZER_NONNULL = YES;
				CLANG_ANALYZER_NUMBER_OBJECT_CONVERSION = YES_AGGRESSIVE;
				CLANG_CXX_LANGUAGE_STANDARD = "gnu++14";
				CLANG_CXX_LIBRARY = "libc++";
				CLANG_ENABLE_MODULES = YES;
				CLANG_ENABLE_OBJC_ARC = YES;
				CLANG_ENABLE_OBJC_WEAK = YES;
				CLANG_WARN_BLOCK_CAPTURE_AUTORELEASING = YES;
				CLANG_WARN_BOOL_CONVERSION = YES;
				CLANG_WARN_COMMA = YES;
				CLANG_WARN_CONSTANT_CONVERSION = YES;
				CLANG_WARN_DEPRECATED_OBJC_IMPLEMENTATIONS = YES;
				CLANG_WARN_DIRECT_OBJC_ISA_USAGE = YES_ERROR;
				CLANG_WARN_DOCUMENTATION_COMMENTS = YES;
				CLANG_WARN_EMPTY_BODY = YES;
				CLANG_WARN_ENUM_CONVERSION = YES;
				CLANG_WARN_INFINITE_RECURSION = YES;
				CLANG_WARN_INT_CONVERSION = YES;
				CLANG_WARN_NON_LITERAL_NULL_CONVERSION = YES;
				CLANG_WARN_OBJC_IMPLICIT_RETAIN_SELF = YES;
				CLANG_WARN_OBJC_LITERAL_CONVERSION = YES;
				CLANG_WARN_OBJC_ROOT_CLASS = YES_ERROR;
				CLANG_WARN_QUOTED_INCLUDE_IN_FRAMEWORK_HEADER = YES;
				CLANG_WARN_RANGE_LOOP_ANALYSIS = YES;
				CLANG_WARN_STRICT_PROTOTYPES = YES;
				CLANG_WARN_SUSPICIOUS_MOVE = YES;
				CLANG_WARN_UNGUARDED_AVAILABILITY = YES_AGGRESSIVE;
				CLANG_WARN_UNREACHABLE_CODE = YES;
				CLANG_WARN__DUPLICATE_METHOD_MATCH = YES;
				COPY_PHASE_STRIP = NO;
				DEBUG_INFORMATION_FORMAT = dwarf;
				ENABLE_STRICT_OBJC_MSGSEND = YES;
				ENABLE_TESTABILITY = YES;
				GCC_C_LANGUAGE_STANDARD = gnu11;
				GCC_DYNAMIC_NO_PIC = NO;
				GCC_NO_COMMON_BLOCKS = YES;
				GCC_OPTIMIZATION_LEVEL = 0;
				GCC_PREPROCESSOR_DEFINITIONS = (
					"DEBUG=1",
					"$(inherited)",
				);
				GCC_WARN_64_TO_32_BIT_CONVERSION = YES;
				GCC_WARN_ABOUT_RETURN_TYPE = YES_ERROR;
				GCC_WARN_UNDECLARED_SELECTOR = YES;
				GCC_WARN_UNINITIALIZED_AUTOS = YES_AGGRESSIVE;
				GCC_WARN_UNUSED_FUNCTION = YES;
				GCC_WARN_UNUSED_VARIABLE = YES;
				IPHONEOS_DEPLOYMENT_TARGET = 14.2;
				MTL_ENABLE_DEBUG_INFO = INCLUDE_SOURCE;
				MTL_FAST_MATH = YES;
				ONLY_ACTIVE_ARCH = YES;
				SDKROOT = iphoneos;
				SWIFT_ACTIVE_COMPILATION_CONDITIONS = DEBUG;
				SWIFT_OPTIMIZATION_LEVEL = "-Onone";
			};
			name = Debug;
		};
		1BE0787B25EB5F4D002A3AC9 /* Release */ = {
			isa = XCBuildConfiguration;
			buildSettings = {
				ALWAYS_SEARCH_USER_PATHS = NO;
				CLANG_ANALYZER_NONNULL = YES;
				CLANG_ANALYZER_NUMBER_OBJECT_CONVERSION = YES_AGGRESSIVE;
				CLANG_CXX_LANGUAGE_STANDARD = "gnu++14";
				CLANG_CXX_LIBRARY = "libc++";
				CLANG_ENABLE_MODULES = YES;
				CLANG_ENABLE_OBJC_ARC = YES;
				CLANG_ENABLE_OBJC_WEAK = YES;
				CLANG_WARN_BLOCK_CAPTURE_AUTORELEASING = YES;
				CLANG_WARN_BOOL_CONVERSION = YES;
				CLANG_WARN_COMMA = YES;
				CLANG_WARN_CONSTANT_CONVERSION = YES;
				CLANG_WARN_DEPRECATED_OBJC_IMPLEMENTATIONS = YES;
				CLANG_WARN_DIRECT_OBJC_ISA_USAGE = YES_ERROR;
				CLANG_WARN_DOCUMENTATION_COMMENTS = YES;
				CLANG_WARN_EMPTY_BODY = YES;
				CLANG_WARN_ENUM_CONVERSION = YES;
				CLANG_WARN_INFINITE_RECURSION = YES;
				CLANG_WARN_INT_CONVERSION = YES;
				CLANG_WARN_NON_LITERAL_NULL_CONVERSION = YES;
				CLANG_WARN_OBJC_IMPLICIT_RETAIN_SELF = YES;
				CLANG_WARN_OBJC_LITERAL_CONVERSION = YES;
				CLANG_WARN_OBJC_ROOT_CLASS = YES_ERROR;
				CLANG_WARN_QUOTED_INCLUDE_IN_FRAMEWORK_HEADER = YES;
				CLANG_WARN_RANGE_LOOP_ANALYSIS = YES;
				CLANG_WARN_STRICT_PROTOTYPES = YES;
				CLANG_WARN_SUSPICIOUS_MOVE = YES;
				CLANG_WARN_UNGUARDED_AVAILABILITY = YES_AGGRESSIVE;
				CLANG_WARN_UNREACHABLE_CODE = YES;
				CLANG_WARN__DUPLICATE_METHOD_MATCH = YES;
				COPY_PHASE_STRIP = NO;
				DEBUG_INFORMATION_FORMAT = "dwarf-with-dsym";
				ENABLE_NS_ASSERTIONS = NO;
				ENABLE_STRICT_OBJC_MSGSEND = YES;
				GCC_C_LANGUAGE_STANDARD = gnu11;
				GCC_NO_COMMON_BLOCKS = YES;
				GCC_WARN_64_TO_32_BIT_CONVERSION = YES;
				GCC_WARN_ABOUT_RETURN_TYPE = YES_ERROR;
				GCC_WARN_UNDECLARED_SELECTOR = YES;
				GCC_WARN_UNINITIALIZED_AUTOS = YES_AGGRESSIVE;
				GCC_WARN_UNUSED_FUNCTION = YES;
				GCC_WARN_UNUSED_VARIABLE = YES;
				IPHONEOS_DEPLOYMENT_TARGET = 14.2;
				MTL_ENABLE_DEBUG_INFO = NO;
				MTL_FAST_MATH = YES;
				SDKROOT = iphoneos;
				SWIFT_COMPILATION_MODE = wholemodule;
				SWIFT_OPTIMIZATION_LEVEL = "-O";
				VALIDATE_PRODUCT = YES;
			};
			name = Release;
		};
		1BE0787D25EB5F4D002A3AC9 /* Debug */ = {
			isa = XCBuildConfiguration;
			buildSettings = {
				ASSETCATALOG_COMPILER_APPICON_NAME = AppIcon;
				ASSETCATALOG_COMPILER_GLOBAL_ACCENT_COLOR_NAME = AccentColor;
				CODE_SIGN_STYLE = Automatic;
				DEVELOPMENT_TEAM = R3PU6JKY2A;
				INFOPLIST_FILE = FlappyBirdiOS/Info.plist;
				IPHONEOS_DEPLOYMENT_TARGET = 13.0;
				LD_RUNPATH_SEARCH_PATHS = (
					"$(inherited)",
					"@executable_path/Frameworks",
				);
				PRODUCT_BUNDLE_IDENTIFIER = com.ubermaze.CloudKitTestMega.FlappyBirdiOS;
				PRODUCT_NAME = "$(TARGET_NAME)";
				SWIFT_VERSION = 5.0;
				TARGETED_DEVICE_FAMILY = "1,2";
			};
			name = Debug;
		};
		1BE0787E25EB5F4D002A3AC9 /* Release */ = {
			isa = XCBuildConfiguration;
			buildSettings = {
				ASSETCATALOG_COMPILER_APPICON_NAME = AppIcon;
				ASSETCATALOG_COMPILER_GLOBAL_ACCENT_COLOR_NAME = AccentColor;
				CODE_SIGN_STYLE = Automatic;
				DEVELOPMENT_TEAM = R3PU6JKY2A;
				INFOPLIST_FILE = FlappyBirdiOS/Info.plist;
				IPHONEOS_DEPLOYMENT_TARGET = 13.0;
				LD_RUNPATH_SEARCH_PATHS = (
					"$(inherited)",
					"@executable_path/Frameworks",
				);
				PRODUCT_BUNDLE_IDENTIFIER = com.ubermaze.CloudKitTestMega.FlappyBirdiOS;
				PRODUCT_NAME = "$(TARGET_NAME)";
				SWIFT_VERSION = 5.0;
				TARGETED_DEVICE_FAMILY = "1,2";
			};
			name = Release;
		};
/* End XCBuildConfiguration section */

/* Begin XCConfigurationList section */
		1BE0786225EB5F4C002A3AC9 /* Build configuration list for PBXProject "FlappyBirdiOS" */ = {
			isa = XCConfigurationList;
			buildConfigurations = (
				1BE0787A25EB5F4D002A3AC9 /* Debug */,
				1BE0787B25EB5F4D002A3AC9 /* Release */,
			);
			defaultConfigurationIsVisible = 0;
			defaultConfigurationName = Release;
		};
		1BE0787C25EB5F4D002A3AC9 /* Build configuration list for PBXNativeTarget "FlappyBirdiOS" */ = {
			isa = XCConfigurationList;
			buildConfigurations = (
				1BE0787D25EB5F4D002A3AC9 /* Debug */,
				1BE0787E25EB5F4D002A3AC9 /* Release */,
			);
			defaultConfigurationIsVisible = 0;
			defaultConfigurationName = Release;
		};
/* End XCConfigurationList section */

/* Begin XCRemoteSwiftPackageReference section */
		1BE0789B25EB5FDE002A3AC9 /* XCRemoteSwiftPackageReference "Then" */ = {
			isa = XCRemoteSwiftPackageReference;
			repositoryURL = "https://github.com/devxoul/Then";
			requirement = {
				kind = upToNextMajorVersion;
				minimumVersion = 2.7.0;
			};
		};
/* End XCRemoteSwiftPackageReference section */

/* Begin XCSwiftPackageProductDependency section */
		1BE0789C25EB5FDE002A3AC9 /* Then */ = {
			isa = XCSwiftPackageProductDependency;
			package = 1BE0789B25EB5FDE002A3AC9 /* XCRemoteSwiftPackageReference "Then" */;
			productName = Then;
		};
/* End XCSwiftPackageProductDependency section */
	};
	rootObject = 1BE0785F25EB5F4C002A3AC9 /* Project object */;
}
