// !$*UTF8*$!
{
	archiveVersion = 1;
	classes = {
	};
	objectVersion = 50;
	objects = {

/* Begin PBXBuildFile section */
		1B4022F7262A007D002F5CDB /* 1-1.sks in Resources */ = {isa = PBXBuildFile; fileRef = 1B4022F6262A007D002F5CDB /* 1-1.sks */; };
		1BAF6A33262A171D00BF5AED /* MyTileSet.sks in Resources */ = {isa = PBXBuildFile; fileRef = 1BAF6A32262A171D00BF5AED /* MyTileSet.sks */; };
		1BBB723326289E81002CE1A6 /* SKEase.swift in Sources */ = {isa = PBXBuildFile; fileRef = 1BBB723226289E81002CE1A6 /* SKEase.swift */; };
		1BDF24192624B61500446341 /* AppDelegate.swift in Sources */ = {isa = PBXBuildFile; fileRef = 1BDF24182624B61500446341 /* AppDelegate.swift */; };
		1BDF241F2624B61500446341 /* GameScene.swift in Sources */ = {isa = PBXBuildFile; fileRef = 1BDF241E2624B61500446341 /* GameScene.swift */; };
		1BDF24212624B61500446341 /* ViewController.swift in Sources */ = {isa = PBXBuildFile; fileRef = 1BDF24202624B61500446341 /* ViewController.swift */; };
		1BDF24232624B61700446341 /* Assets.xcassets in Resources */ = {isa = PBXBuildFile; fileRef = 1BDF24222624B61700446341 /* Assets.xcassets */; };
		1BDF24262624B61700446341 /* Main.storyboard in Resources */ = {isa = PBXBuildFile; fileRef = 1BDF24242624B61700446341 /* Main.storyboard */; };
		1BDF24312624B64B00446341 /* Platformer.swift in Sources */ = {isa = PBXBuildFile; fileRef = 1BDF24302624B64B00446341 /* Platformer.swift */; };
		1BDF24342624B86600446341 /* Whens.swift in Sources */ = {isa = PBXBuildFile; fileRef = 1BDF24332624B86600446341 /* Whens.swift */; };
		1BDF24372624B97D00446341 /* ResolveWhens.swift in Sources */ = {isa = PBXBuildFile; fileRef = 1BDF24362624B97D00446341 /* ResolveWhens.swift */; };
		1BDF243A2624B98E00446341 /* RootSprite.swift in Sources */ = {isa = PBXBuildFile; fileRef = 1BDF24392624B98E00446341 /* RootSprite.swift */; };
		1BDF24402624C3FD00446341 /* QuadTree.swift in Sources */ = {isa = PBXBuildFile; fileRef = 1BDF243F2624C3FD00446341 /* QuadTree.swift */; };
		1BDF24462626430700446341 /* CollisionDetection.swift in Sources */ = {isa = PBXBuildFile; fileRef = 1BDF24452626430700446341 /* CollisionDetection.swift */; };
/* End PBXBuildFile section */

/* Begin PBXFileReference section */
		1B4022F6262A007D002F5CDB /* 1-1.sks */ = {isa = PBXFileReference; lastKnownFileType = file.sks; path = "1-1.sks"; sourceTree = "<group>"; };
		1BAF6A32262A171D00BF5AED /* MyTileSet.sks */ = {isa = PBXFileReference; lastKnownFileType = file.sks; path = MyTileSet.sks; sourceTree = "<group>"; };
		1BBB723226289E81002CE1A6 /* SKEase.swift */ = {isa = PBXFileReference; lastKnownFileType = sourcecode.swift; path = SKEase.swift; sourceTree = "<group>"; };
		1BDF24152624B61500446341 /* PlatformerGameTest.app */ = {isa = PBXFileReference; explicitFileType = wrapper.application; includeInIndex = 0; path = PlatformerGameTest.app; sourceTree = BUILT_PRODUCTS_DIR; };
		1BDF24182624B61500446341 /* AppDelegate.swift */ = {isa = PBXFileReference; lastKnownFileType = sourcecode.swift; path = AppDelegate.swift; sourceTree = "<group>"; };
		1BDF241E2624B61500446341 /* GameScene.swift */ = {isa = PBXFileReference; lastKnownFileType = sourcecode.swift; path = GameScene.swift; sourceTree = "<group>"; };
		1BDF24202624B61500446341 /* ViewController.swift */ = {isa = PBXFileReference; lastKnownFileType = sourcecode.swift; path = ViewController.swift; sourceTree = "<group>"; };
		1BDF24222624B61700446341 /* Assets.xcassets */ = {isa = PBXFileReference; lastKnownFileType = folder.assetcatalog; path = Assets.xcassets; sourceTree = "<group>"; };
		1BDF24252624B61700446341 /* Base */ = {isa = PBXFileReference; lastKnownFileType = file.storyboard; name = Base; path = Base.lproj/Main.storyboard; sourceTree = "<group>"; };
		1BDF24272624B61700446341 /* Info.plist */ = {isa = PBXFileReference; lastKnownFileType = text.plist.xml; path = Info.plist; sourceTree = "<group>"; };
		1BDF24282624B61700446341 /* PlatformerGameTest.entitlements */ = {isa = PBXFileReference; lastKnownFileType = text.plist.entitlements; path = PlatformerGameTest.entitlements; sourceTree = "<group>"; };
		1BDF24302624B64B00446341 /* Platformer.swift */ = {isa = PBXFileReference; lastKnownFileType = sourcecode.swift; path = Platformer.swift; sourceTree = "<group>"; };
		1BDF24332624B86600446341 /* Whens.swift */ = {isa = PBXFileReference; lastKnownFileType = sourcecode.swift; path = Whens.swift; sourceTree = "<group>"; };
		1BDF24362624B97D00446341 /* ResolveWhens.swift */ = {isa = PBXFileReference; lastKnownFileType = sourcecode.swift; path = ResolveWhens.swift; sourceTree = "<group>"; };
		1BDF24392624B98E00446341 /* RootSprite.swift */ = {isa = PBXFileReference; lastKnownFileType = sourcecode.swift; path = RootSprite.swift; sourceTree = "<group>"; };
		1BDF243F2624C3FD00446341 /* QuadTree.swift */ = {isa = PBXFileReference; lastKnownFileType = sourcecode.swift; path = QuadTree.swift; sourceTree = "<group>"; };
		1BDF24452626430700446341 /* CollisionDetection.swift */ = {isa = PBXFileReference; lastKnownFileType = sourcecode.swift; path = CollisionDetection.swift; sourceTree = "<group>"; };
/* End PBXFileReference section */

/* Begin PBXFrameworksBuildPhase section */
		1BDF24122624B61500446341 /* Frameworks */ = {
			isa = PBXFrameworksBuildPhase;
			buildActionMask = 2147483647;
			files = (
			);
			runOnlyForDeploymentPostprocessing = 0;
		};
/* End PBXFrameworksBuildPhase section */

/* Begin PBXGroup section */
		1BDF240C2624B61500446341 = {
			isa = PBXGroup;
			children = (
				1BDF24172624B61500446341 /* PlatformerGameTest */,
				1BDF24162624B61500446341 /* Products */,
			);
			sourceTree = "<group>";
		};
		1BDF24162624B61500446341 /* Products */ = {
			isa = PBXGroup;
			children = (
				1BDF24152624B61500446341 /* PlatformerGameTest.app */,
			);
			name = Products;
			sourceTree = "<group>";
		};
		1BDF24172624B61500446341 /* PlatformerGameTest */ = {
			isa = PBXGroup;
			children = (
				1BDF24182624B61500446341 /* AppDelegate.swift */,
				1BDF241E2624B61500446341 /* GameScene.swift */,
				1B4022F6262A007D002F5CDB /* 1-1.sks */,
				1BAF6A32262A171D00BF5AED /* MyTileSet.sks */,
				1BDF24202624B61500446341 /* ViewController.swift */,
				1BDF243C2624B99E00446341 /* PlatformerCode */,
				1BDF24222624B61700446341 /* Assets.xcassets */,
				1BDF24242624B61700446341 /* Main.storyboard */,
				1BDF24272624B61700446341 /* Info.plist */,
				1BDF24282624B61700446341 /* PlatformerGameTest.entitlements */,
			);
			path = PlatformerGameTest;
			sourceTree = "<group>";
		};
		1BDF243C2624B99E00446341 /* PlatformerCode */ = {
			isa = PBXGroup;
			children = (
				1BDF24302624B64B00446341 /* Platformer.swift */,
				1BDF24392624B98E00446341 /* RootSprite.swift */,
				1BDF24362624B97D00446341 /* ResolveWhens.swift */,
				1BDF24332624B86600446341 /* Whens.swift */,
				1BDF243F2624C3FD00446341 /* QuadTree.swift */,
				1BDF24452626430700446341 /* CollisionDetection.swift */,
				1BBB723226289E81002CE1A6 /* SKEase.swift */,
			);
			path = PlatformerCode;
			sourceTree = "<group>";
		};
/* End PBXGroup section */

/* Begin PBXNativeTarget section */
		1BDF24142624B61500446341 /* PlatformerGameTest */ = {
			isa = PBXNativeTarget;
			buildConfigurationList = 1BDF242B2624B61700446341 /* Build configuration list for PBXNativeTarget "PlatformerGameTest" */;
			buildPhases = (
				1BDF24112624B61500446341 /* Sources */,
				1BDF24122624B61500446341 /* Frameworks */,
				1BDF24132624B61500446341 /* Resources */,
			);
			buildRules = (
			);
			dependencies = (
			);
			name = PlatformerGameTest;
			productName = PlatformerGameTest;
			productReference = 1BDF24152624B61500446341 /* PlatformerGameTest.app */;
			productType = "com.apple.product-type.application";
		};
/* End PBXNativeTarget section */

/* Begin PBXProject section */
		1BDF240D2624B61500446341 /* Project object */ = {
			isa = PBXProject;
			attributes = {
				LastSwiftUpdateCheck = 1240;
				LastUpgradeCheck = 1240;
				TargetAttributes = {
					1BDF24142624B61500446341 = {
						CreatedOnToolsVersion = 12.4;
					};
				};
			};
			buildConfigurationList = 1BDF24102624B61500446341 /* Build configuration list for PBXProject "PlatformerGameTest" */;
			compatibilityVersion = "Xcode 9.3";
			developmentRegion = en;
			hasScannedForEncodings = 0;
			knownRegions = (
				en,
				Base,
			);
			mainGroup = 1BDF240C2624B61500446341;
			productRefGroup = 1BDF24162624B61500446341 /* Products */;
			projectDirPath = "";
			projectRoot = "";
			targets = (
				1BDF24142624B61500446341 /* PlatformerGameTest */,
			);
		};
/* End PBXProject section */

/* Begin PBXResourcesBuildPhase section */
		1BDF24132624B61500446341 /* Resources */ = {
			isa = PBXResourcesBuildPhase;
			buildActionMask = 2147483647;
			files = (
				1BAF6A33262A171D00BF5AED /* MyTileSet.sks in Resources */,
				1B4022F7262A007D002F5CDB /* 1-1.sks in Resources */,
				1BDF24232624B61700446341 /* Assets.xcassets in Resources */,
				1BDF24262624B61700446341 /* Main.storyboard in Resources */,
			);
			runOnlyForDeploymentPostprocessing = 0;
		};
/* End PBXResourcesBuildPhase section */

/* Begin PBXSourcesBuildPhase section */
		1BDF24112624B61500446341 /* Sources */ = {
			isa = PBXSourcesBuildPhase;
			buildActionMask = 2147483647;
			files = (
				1BDF24462626430700446341 /* CollisionDetection.swift in Sources */,
				1BDF24212624B61500446341 /* ViewController.swift in Sources */,
				1BDF241F2624B61500446341 /* GameScene.swift in Sources */,
				1BDF243A2624B98E00446341 /* RootSprite.swift in Sources */,
				1BDF24372624B97D00446341 /* ResolveWhens.swift in Sources */,
				1BBB723326289E81002CE1A6 /* SKEase.swift in Sources */,
				1BDF24402624C3FD00446341 /* QuadTree.swift in Sources */,
				1BDF24192624B61500446341 /* AppDelegate.swift in Sources */,
				1BDF24342624B86600446341 /* Whens.swift in Sources */,
				1BDF24312624B64B00446341 /* Platformer.swift in Sources */,
			);
			runOnlyForDeploymentPostprocessing = 0;
		};
/* End PBXSourcesBuildPhase section */

/* Begin PBXVariantGroup section */
		1BDF24242624B61700446341 /* Main.storyboard */ = {
			isa = PBXVariantGroup;
			children = (
				1BDF24252624B61700446341 /* Base */,
			);
			name = Main.storyboard;
			sourceTree = "<group>";
		};
/* End PBXVariantGroup section */

/* Begin XCBuildConfiguration section */
		1BDF24292624B61700446341 /* Debug */ = {
			isa = XCBuildConfiguration;
			buildSettings = {
				ALWAYS_SEARCH_USER_PATHS = NO;
				CLANG_ANALYZER_NONNULL = YES;
				CLANG_ANALYZER_NUMBER_OBJECT_CONVERSION = YES_AGGRESSIVE;
				CLANG_CXX_LANGUAGE_STANDARD = "gnu++14";
				CLANG_CXX_LIBRARY = "libc++";
				CLANG_ENABLE_MODULES = YES;
				CLANG_ENABLE_OBJC_ARC = YES;
				CLANG_ENABLE_OBJC_WEAK = YES;
				CLANG_WARN_BLOCK_CAPTURE_AUTORELEASING = YES;
				CLANG_WARN_BOOL_CONVERSION = YES;
				CLANG_WARN_COMMA = YES;
				CLANG_WARN_CONSTANT_CONVERSION = YES;
				CLANG_WARN_DEPRECATED_OBJC_IMPLEMENTATIONS = YES;
				CLANG_WARN_DIRECT_OBJC_ISA_USAGE = YES_ERROR;
				CLANG_WARN_DOCUMENTATION_COMMENTS = YES;
				CLANG_WARN_EMPTY_BODY = YES;
				CLANG_WARN_ENUM_CONVERSION = YES;
				CLANG_WARN_INFINITE_RECURSION = YES;
				CLANG_WARN_INT_CONVERSION = YES;
				CLANG_WARN_NON_LITERAL_NULL_CONVERSION = YES;
				CLANG_WARN_OBJC_IMPLICIT_RETAIN_SELF = YES;
				CLANG_WARN_OBJC_LITERAL_CONVERSION = YES;
				CLANG_WARN_OBJC_ROOT_CLASS = YES_ERROR;
				CLANG_WARN_QUOTED_INCLUDE_IN_FRAMEWORK_HEADER = YES;
				CLANG_WARN_RANGE_LOOP_ANALYSIS = YES;
				CLANG_WARN_STRICT_PROTOTYPES = YES;
				CLANG_WARN_SUSPICIOUS_MOVE = YES;
				CLANG_WARN_UNGUARDED_AVAILABILITY = YES_AGGRESSIVE;
				CLANG_WARN_UNREACHABLE_CODE = YES;
				CLANG_WARN__DUPLICATE_METHOD_MATCH = YES;
				COPY_PHASE_STRIP = NO;
				DEBUG_INFORMATION_FORMAT = dwarf;
				ENABLE_STRICT_OBJC_MSGSEND = YES;
				ENABLE_TESTABILITY = YES;
				GCC_C_LANGUAGE_STANDARD = gnu11;
				GCC_DYNAMIC_NO_PIC = NO;
				GCC_NO_COMMON_BLOCKS = YES;
				GCC_OPTIMIZATION_LEVEL = 0;
				GCC_PREPROCESSOR_DEFINITIONS = (
					"DEBUG=1",
					"$(inherited)",
				);
				GCC_WARN_64_TO_32_BIT_CONVERSION = YES;
				GCC_WARN_ABOUT_RETURN_TYPE = YES_ERROR;
				GCC_WARN_UNDECLARED_SELECTOR = YES;
				GCC_WARN_UNINITIALIZED_AUTOS = YES_AGGRESSIVE;
				GCC_WARN_UNUSED_FUNCTION = YES;
				GCC_WARN_UNUSED_VARIABLE = YES;
				MACOSX_DEPLOYMENT_TARGET = 11.0;
				MTL_ENABLE_DEBUG_INFO = INCLUDE_SOURCE;
				MTL_FAST_MATH = YES;
				ONLY_ACTIVE_ARCH = YES;
				SDKROOT = macosx;
				SWIFT_ACTIVE_COMPILATION_CONDITIONS = DEBUG;
				SWIFT_OPTIMIZATION_LEVEL = "-Onone";
			};
			name = Debug;
		};
		1BDF242A2624B61700446341 /* Release */ = {
			isa = XCBuildConfiguration;
			buildSettings = {
				ALWAYS_SEARCH_USER_PATHS = NO;
				CLANG_ANALYZER_NONNULL = YES;
				CLANG_ANALYZER_NUMBER_OBJECT_CONVERSION = YES_AGGRESSIVE;
				CLANG_CXX_LANGUAGE_STANDARD = "gnu++14";
				CLANG_CXX_LIBRARY = "libc++";
				CLANG_ENABLE_MODULES = YES;
				CLANG_ENABLE_OBJC_ARC = YES;
				CLANG_ENABLE_OBJC_WEAK = YES;
				CLANG_WARN_BLOCK_CAPTURE_AUTORELEASING = YES;
				CLANG_WARN_BOOL_CONVERSION = YES;
				CLANG_WARN_COMMA = YES;
				CLANG_WARN_CONSTANT_CONVERSION = YES;
				CLANG_WARN_DEPRECATED_OBJC_IMPLEMENTATIONS = YES;
				CLANG_WARN_DIRECT_OBJC_ISA_USAGE = YES_ERROR;
				CLANG_WARN_DOCUMENTATION_COMMENTS = YES;
				CLANG_WARN_EMPTY_BODY = YES;
				CLANG_WARN_ENUM_CONVERSION = YES;
				CLANG_WARN_INFINITE_RECURSION = YES;
				CLANG_WARN_INT_CONVERSION = YES;
				CLANG_WARN_NON_LITERAL_NULL_CONVERSION = YES;
				CLANG_WARN_OBJC_IMPLICIT_RETAIN_SELF = YES;
				CLANG_WARN_OBJC_LITERAL_CONVERSION = YES;
				CLANG_WARN_OBJC_ROOT_CLASS = YES_ERROR;
				CLANG_WARN_QUOTED_INCLUDE_IN_FRAMEWORK_HEADER = YES;
				CLANG_WARN_RANGE_LOOP_ANALYSIS = YES;
				CLANG_WARN_STRICT_PROTOTYPES = YES;
				CLANG_WARN_SUSPICIOUS_MOVE = YES;
				CLANG_WARN_UNGUARDED_AVAILABILITY = YES_AGGRESSIVE;
				CLANG_WARN_UNREACHABLE_CODE = YES;
				CLANG_WARN__DUPLICATE_METHOD_MATCH = YES;
				COPY_PHASE_STRIP = NO;
				DEBUG_INFORMATION_FORMAT = "dwarf-with-dsym";
				ENABLE_NS_ASSERTIONS = NO;
				ENABLE_STRICT_OBJC_MSGSEND = YES;
				GCC_C_LANGUAGE_STANDARD = gnu11;
				GCC_NO_COMMON_BLOCKS = YES;
				GCC_WARN_64_TO_32_BIT_CONVERSION = YES;
				GCC_WARN_ABOUT_RETURN_TYPE = YES_ERROR;
				GCC_WARN_UNDECLARED_SELECTOR = YES;
				GCC_WARN_UNINITIALIZED_AUTOS = YES_AGGRESSIVE;
				GCC_WARN_UNUSED_FUNCTION = YES;
				GCC_WARN_UNUSED_VARIABLE = YES;
				MACOSX_DEPLOYMENT_TARGET = 11.0;
				MTL_ENABLE_DEBUG_INFO = NO;
				MTL_FAST_MATH = YES;
				SDKROOT = macosx;
				SWIFT_COMPILATION_MODE = wholemodule;
				SWIFT_OPTIMIZATION_LEVEL = "-O";
			};
			name = Release;
		};
		1BDF242C2624B61700446341 /* Debug */ = {
			isa = XCBuildConfiguration;
			buildSettings = {
				ASSETCATALOG_COMPILER_APPICON_NAME = AppIcon;
				ASSETCATALOG_COMPILER_GLOBAL_ACCENT_COLOR_NAME = AccentColor;
				CODE_SIGN_ENTITLEMENTS = PlatformerGameTest/PlatformerGameTest.entitlements;
				CODE_SIGN_STYLE = Automatic;
				COMBINE_HIDPI_IMAGES = YES;
				DEVELOPMENT_TEAM = R3PU6JKY2A;
				ENABLE_HARDENED_RUNTIME = YES;
				INFOPLIST_FILE = PlatformerGameTest/Info.plist;
				LD_RUNPATH_SEARCH_PATHS = (
					"$(inherited)",
					"@executable_path/../Frameworks",
				);
				PRODUCT_BUNDLE_IDENTIFIER = com.ubermaze.CloudKitTestMega.PlatformerGameTest;
				PRODUCT_NAME = "$(TARGET_NAME)";
				SWIFT_VERSION = 5.0;
			};
			name = Debug;
		};
		1BDF242D2624B61700446341 /* Release */ = {
			isa = XCBuildConfiguration;
			buildSettings = {
				ASSETCATALOG_COMPILER_APPICON_NAME = AppIcon;
				ASSETCATALOG_COMPILER_GLOBAL_ACCENT_COLOR_NAME = AccentColor;
				CODE_SIGN_ENTITLEMENTS = PlatformerGameTest/PlatformerGameTest.entitlements;
				CODE_SIGN_STYLE = Automatic;
				COMBINE_HIDPI_IMAGES = YES;
				DEVELOPMENT_TEAM = R3PU6JKY2A;
				ENABLE_HARDENED_RUNTIME = YES;
				INFOPLIST_FILE = PlatformerGameTest/Info.plist;
				LD_RUNPATH_SEARCH_PATHS = (
					"$(inherited)",
					"@executable_path/../Frameworks",
				);
				PRODUCT_BUNDLE_IDENTIFIER = com.ubermaze.CloudKitTestMega.PlatformerGameTest;
				PRODUCT_NAME = "$(TARGET_NAME)";
				SWIFT_VERSION = 5.0;
			};
			name = Release;
		};
/* End XCBuildConfiguration section */

/* Begin XCConfigurationList section */
		1BDF24102624B61500446341 /* Build configuration list for PBXProject "PlatformerGameTest" */ = {
			isa = XCConfigurationList;
			buildConfigurations = (
				1BDF24292624B61700446341 /* Debug */,
				1BDF242A2624B61700446341 /* Release */,
			);
			defaultConfigurationIsVisible = 0;
			defaultConfigurationName = Release;
		};
		1BDF242B2624B61700446341 /* Build configuration list for PBXNativeTarget "PlatformerGameTest" */ = {
			isa = XCConfigurationList;
			buildConfigurations = (
				1BDF242C2624B61700446341 /* Debug */,
				1BDF242D2624B61700446341 /* Release */,
			);
			defaultConfigurationIsVisible = 0;
			defaultConfigurationName = Release;
		};
/* End XCConfigurationList section */
	};
	rootObject = 1BDF240D2624B61500446341 /* Project object */;
}
